// !$*UTF8*$!
{
	archiveVersion = 1;
	classes = {
	};
	objectVersion = 46;
	objects = {
/* Begin PBXBuildFile section */
		0207DA581B56EA530066E2B4 /* Images.xcassets in Resources */ = {isa = PBXBuildFile; fileRef = 0207DA571B56EA530066E2B4 /* Images.xcassets */; };
		1D3623260D0F684500981E51 /* AppDelegate.m in Sources */ = {isa = PBXBuildFile; fileRef = 1D3623250D0F684500981E51 /* AppDelegate.m */; };
		1D60589B0D05DD56006BFB54 /* main.m in Sources */ = {isa = PBXBuildFile; fileRef = 29B97316FDCFA39411CA2CEA /* main.m */; };
		301BF552109A68D80062928A /* libCordova.a in Frameworks */ = {isa = PBXBuildFile; fileRef = 301BF535109A57CC0062928A /* libCordova.a */; };
		302D95F114D2391D003F00A1 /* MainViewController.m in Sources */ = {isa = PBXBuildFile; fileRef = 302D95EF14D2391D003F00A1 /* MainViewController.m */; };
		302D95F214D2391D003F00A1 /* MainViewController.xib in Resources */ = {isa = PBXBuildFile; fileRef = 302D95F014D2391D003F00A1 /* MainViewController.xib */; };
		3047A5121AB8059700498E2A /* build-debug.xcconfig in Resources */ = {isa = PBXBuildFile; fileRef = 3047A50F1AB8059700498E2A /* build-debug.xcconfig */; };
		3047A5131AB8059700498E2A /* build-release.xcconfig in Resources */ = {isa = PBXBuildFile; fileRef = 3047A5101AB8059700498E2A /* build-release.xcconfig */; };
		3047A5141AB8059700498E2A /* build.xcconfig in Resources */ = {isa = PBXBuildFile; fileRef = 3047A5111AB8059700498E2A /* build.xcconfig */; };
		EB2339811190470AA6A50047 /* CDVDevice.m in Sources */ = {isa = PBXBuildFile; fileRef = D866E367DE644C4AB63199D5 /* CDVDevice.m */; };
		88FBFFE10D114AE591AA627C /* CDVGlobalization.m in Sources */ = {isa = PBXBuildFile; fileRef = 64111E23A6B0431092248CF5 /* CDVGlobalization.m */; };
		6D2F2918543C4BFB92D3F329 /* CDVFile.m in Sources */ = {isa = PBXBuildFile; fileRef = F04AF6DF8E1A4025AED53ADF /* CDVFile.m */; };
		6794E495DB644CBC85E6F565 /* CDVLocalFilesystem.m in Sources */ = {isa = PBXBuildFile; fileRef = 7020B198C52D4CFD97EB34AA /* CDVLocalFilesystem.m */; };
		F1CB881BF797497F82501A23 /* CDVAssetLibraryFilesystem.m in Sources */ = {isa = PBXBuildFile; fileRef = 40D4EAE0A697423B94D0E743 /* CDVAssetLibraryFilesystem.m */; };
		7AD4E926E2794AAB98D86CB9 /* CDVInAppBrowser.m in Sources */ = {isa = PBXBuildFile; fileRef = 100FF6230B7E432E9518FA66 /* CDVInAppBrowser.m */; };
		8498AE076D854482BB8F6B26 /* CDVFileTransfer.m in Sources */ = {isa = PBXBuildFile; fileRef = 47E3F4D095304C2EA741037A /* CDVFileTransfer.m */; };
		752036C622FF4EC9A4E247E6 /* CDVConnection.m in Sources */ = {isa = PBXBuildFile; fileRef = 613BC2CBE3DA4304AEAA2E2D /* CDVConnection.m */; };
		DCA13F7917EA4E7FAC7BB2B1 /* CDVReachability.m in Sources */ = {isa = PBXBuildFile; fileRef = 6864FE5E300940FD816EE528 /* CDVReachability.m */; };
		FB74C84905824AD7906500A2 /* SystemConfiguration.framework in Frameworks */ = {isa = PBXBuildFile; fileRef = 39D3B3478E8A4133B8977999 /* SystemConfiguration.framework */; settings = {ATTRIBUTES = (Weak, ); }; };
		02131E67C3174A84ADA56648 /* CoreTelephony.framework in Frameworks */ = {isa = PBXBuildFile; fileRef = 7DA9CCF56A09497A94FC43D0 /* CoreTelephony.framework */; };
		C140D278E27C410B86948B99 /* UIImage+CropScaleOrientation.m in Sources */ = {isa = PBXBuildFile; fileRef = 2C5DBE532B6B476B8AB98821 /* UIImage+CropScaleOrientation.m */; };
		3117E1AA0E654AFDB9FB1218 /* CDVCamera.m in Sources */ = {isa = PBXBuildFile; fileRef = 51C529FB0FC54136A8CF524B /* CDVCamera.m */; };
		1C603399490A4C61A657CE20 /* CDVJpegHeaderWriter.m in Sources */ = {isa = PBXBuildFile; fileRef = 2687A16D29D44989A3FB1538 /* CDVJpegHeaderWriter.m */; };
		DE9A6269B7E047B68B87A0E9 /* ImageIO.framework in Frameworks */ = {isa = PBXBuildFile; fileRef = 2BA4955719E64F91B0220AC0 /* ImageIO.framework */; settings = {ATTRIBUTES = (Weak, ); }; };
		B84137D942CA4201985FA18F /* CoreLocation.framework in Frameworks */ = {isa = PBXBuildFile; fileRef = 0C9D701AE5BE4EC59C6E3185 /* CoreLocation.framework */; };
		EBBB4FE465D7480BA8CC7E46 /* AVFoundation.framework in Frameworks */ = {isa = PBXBuildFile; fileRef = 4B13D303591E46A5B01D5152 /* AVFoundation.framework */; };
		ACBD862BF9634024AA6BB985 /* CDVCapture.m in Sources */ = {isa = PBXBuildFile; fileRef = EA46CB8100994AD781CA3E59 /* CDVCapture.m */; };
		32F8E8A8508D482DA76D772B /* CDVCapture.bundle in Resources */ = {isa = PBXBuildFile; fileRef = A63CF172F22F446C81F0E913 /* CDVCapture.bundle */; };
		4756788504844C748A3A301B /* CDVSplashScreen.m in Sources */ = {isa = PBXBuildFile; fileRef = 6479C9126DF4442BAA769B0F /* CDVSplashScreen.m */; };
		EA1A56FA22AC475D82AEF0D0 /* CDVViewController+SplashScreen.m in Sources */ = {isa = PBXBuildFile; fileRef = 15645AB8889249F9AE6CD50F /* CDVViewController+SplashScreen.m */; };
		68C543B0F33B42C7B68E0B43 /* CDVStatusBar.m in Sources */ = {isa = PBXBuildFile; fileRef = 8387BD8117984172904B6F7E /* CDVStatusBar.m */; };
		E094C7605B434C42A28BBE25 /* IonicKeyboard.m in Sources */ = {isa = PBXBuildFile; fileRef = 9A97410EFD7D4EFBA7EC2109 /* IonicKeyboard.m */; };
		7FF4883920E14709A0CA98E4 /* DocumentHandler.m in Sources */ = {isa = PBXBuildFile; fileRef = ADFBB67F73AC4B649245B30A /* DocumentHandler.m */; };
		A3240966116F45569BB1B897 /* QuickLook.framework in Frameworks */ = {isa = PBXBuildFile; fileRef = DB05968E0A574159BCFCED50 /* QuickLook.framework */; };
		C0A590DFFF0A4D6CBA86C309 /* AppDelegate+APPAppEvent.m in Sources */ = {isa = PBXBuildFile; fileRef = 54CC44D360D54521A5264364 /* AppDelegate+APPAppEvent.m */; };
		580F897ECDFF4937A9E521E3 /* CDVPlugin+APPAppEvent.m in Sources */ = {isa = PBXBuildFile; fileRef = D7DEE96F06E447CCB8423908 /* CDVPlugin+APPAppEvent.m */; };
		2ADA371EFDD24FDEB6F7759D /* APPLocalNotification.m in Sources */ = {isa = PBXBuildFile; fileRef = 418ED63E485F45D297E82840 /* APPLocalNotification.m */; };
		503D89170C79471DBC963C11 /* APPLocalNotificationOptions.m in Sources */ = {isa = PBXBuildFile; fileRef = 090F10E58C76424E91E810C1 /* APPLocalNotificationOptions.m */; };
		354DCBBA76D8484D9F4B0FD1 /* UIApplication+APPLocalNotification.m in Sources */ = {isa = PBXBuildFile; fileRef = 5775CB53F4624008B5D8D52D /* UIApplication+APPLocalNotification.m */; };
		C1C63518710F4B3F8CF54E9F /* UILocalNotification+APPLocalNotification.m in Sources */ = {isa = PBXBuildFile; fileRef = 972A89E0F2194C88BF3337AF /* UILocalNotification+APPLocalNotification.m */; };
		7457F16CE38E415B910ED0C8 /* ZipPlugin.m in Sources */ = {isa = PBXBuildFile; fileRef = D713245F16744D57A1FC0D11 /* ZipPlugin.m */; };
		B678DAEAF51D45239D7BB937 /* aescrypt.c in Resources */ = {isa = PBXBuildFile; fileRef = C2028EE9A0CB467E8084E2F4 /* aescrypt.c */; };
		141B32E20A944D7C860997FF /* aeskey.c in Resources */ = {isa = PBXBuildFile; fileRef = 3DCADF7533AF46009EF81E27 /* aeskey.c */; };
		ED3353975A854AAE843A9C4F /* aestab.c in Resources */ = {isa = PBXBuildFile; fileRef = 15860F7B0B9946CFA8D93891 /* aestab.c */; };
		25F19584DC7A48C8B2DFC782 /* entropy.c in Resources */ = {isa = PBXBuildFile; fileRef = FD511EBB3C37485680BFE03B /* entropy.c */; };
		2AAF5E8628FE4A828866C986 /* fileenc.c in Resources */ = {isa = PBXBuildFile; fileRef = E865216C82A6465B9DBD557F /* fileenc.c */; };
		2816BC9A34B64F74A62CEF94 /* hmac.c in Resources */ = {isa = PBXBuildFile; fileRef = B894665555DA46DBAB6F63F4 /* hmac.c */; };
		4C230235AC314B26B7DCF02B /* prng.c in Resources */ = {isa = PBXBuildFile; fileRef = CD2E5DC86E4B439EBF4C34C7 /* prng.c */; };
		3F80E13BD83047BE840B9927 /* pwd2key.c in Resources */ = {isa = PBXBuildFile; fileRef = 4B88354859124AB2AB894EB6 /* pwd2key.c */; };
		9704FD9AA8104199BBEE2C51 /* sha1.c in Resources */ = {isa = PBXBuildFile; fileRef = 5F7E185183134AD4A8012F28 /* sha1.c */; };
		A3C0831973204BCD9DA8CC6D /* SSZipArchive.m in Sources */ = {isa = PBXBuildFile; fileRef = FD034CFF3DB948CB85DCED55 /* SSZipArchive.m */; };
		2B19039B7C05455ABE533D29 /* zip.c in Resources */ = {isa = PBXBuildFile; fileRef = 279B786F75574870A3A206AC /* zip.c */; };
		28AB26B68C4542F5998CA7E2 /* unzip.c in Resources */ = {isa = PBXBuildFile; fileRef = 7D748C0D73154C47ACE588BF /* unzip.c */; };
		AD6ED04353A9426796E31F4C /* mztools.c in Resources */ = {isa = PBXBuildFile; fileRef = CDD2E13A4AAE4E59B7F85ED5 /* mztools.c */; };
		4AB180D891234B48ACF2508B /* ioapi.c in Resources */ = {isa = PBXBuildFile; fileRef = 1E8230C6CE5C44A4ABA7A064 /* ioapi.c */; };
		48CC17A686B9417D8D0043A6 /* libz.dylib in Frameworks */ = {isa = PBXBuildFile; fileRef = 9CE66DD98E3A4150B934D16C /* libz.dylib */; };
		9FBB696FF2474595A3DB7DEE /* AppDelegate+notification.m in Sources */ = {isa = PBXBuildFile; fileRef = 6CFA4732AFCD4584AB83801F /* AppDelegate+notification.m */; };
		92C99B1117F04DD5A8FF6550 /* PushPlugin.m in Sources */ = {isa = PBXBuildFile; fileRef = C6578066FFC847EBB8069E90 /* PushPlugin.m */; };
		267A3609474C4DB1918E63B6 /* libGGLCloudMessaging.a in Frameworks */ = {isa = PBXBuildFile; fileRef = 245B844582ED49C985704882 /* libGGLCloudMessaging.a */; };
		4640FF54483F4ACD90E04CB4 /* libGGLCore.a in Frameworks */ = {isa = PBXBuildFile; fileRef = B9BD9068D81D4B0D88C7AD2E /* libGGLCore.a */; };
		5D1F65C47D19466AAC6F0A19 /* libGGLInstanceIDLib.a in Frameworks */ = {isa = PBXBuildFile; fileRef = 8D455213B09740B2A4558B59 /* libGGLInstanceIDLib.a */; };
		834FA5911B7F44BBA18304D3 /* libGIP_Reachability.a in Frameworks */ = {isa = PBXBuildFile; fileRef = C6C052461A17474693DCC25A /* libGIP_Reachability.a */; };
		8F5A2FCC7AD04782970AC168 /* libGSDK_Overload.a in Frameworks */ = {isa = PBXBuildFile; fileRef = 7379516A9E59469389F4677F /* libGSDK_Overload.a */; };
		A37BE3781A734885B0CFEDAB /* libGTMSessionFetcher_core.a in Frameworks */ = {isa = PBXBuildFile; fileRef = 8F6B679895A7475EB799250D /* libGTMSessionFetcher_core.a */; };
		8358E038BAF143AA9DAE93D8 /* libGTMSessionFetcher_full.a in Frameworks */ = {isa = PBXBuildFile; fileRef = 12AD0B671D9549A4B932C46D /* libGTMSessionFetcher_full.a */; };
		B09F078E237440D9960A2077 /* libGTMStackTrace.a in Frameworks */ = {isa = PBXBuildFile; fileRef = A707BC4F0BCF4454BFC9CDA7 /* libGTMStackTrace.a */; };
		623665ABE55D49A680278DBB /* libGTM_AddressBook.a in Frameworks */ = {isa = PBXBuildFile; fileRef = 8765B48C96054DD69789FBF8 /* libGTM_AddressBook.a */; };
		D33A7EF58C5047B88E318CD0 /* libGTM_DebugUtils.a in Frameworks */ = {isa = PBXBuildFile; fileRef = C40BF1AB51E54F908C917F86 /* libGTM_DebugUtils.a */; };
		0FBE98B1B038433EAEA81CC8 /* libGTM_GTMURLBuilder.a in Frameworks */ = {isa = PBXBuildFile; fileRef = D8644E02715240DF83D8B537 /* libGTM_GTMURLBuilder.a */; };
		68EA538E75AF41B2BC6EF762 /* libGTM_KVO.a in Frameworks */ = {isa = PBXBuildFile; fileRef = 43254BC57E9244B28B937FBF /* libGTM_KVO.a */; };
		0732D47EF1E04F10B6476C38 /* libGTM_NSData+zlib.a in Frameworks */ = {isa = PBXBuildFile; fileRef = 344626D20E9941608344E541 /* libGTM_NSData+zlib.a */; };
		142A32BF65534B18B6E7B68B /* libGTM_NSDictionary+URLArguments.a in Frameworks */ = {isa = PBXBuildFile; fileRef = 8EA28982953346B2B2CCDEFE /* libGTM_NSDictionary+URLArguments.a */; };
		5F9FB49BFECD4199A12180DE /* libGTM_NSScannerJSON.a in Frameworks */ = {isa = PBXBuildFile; fileRef = ACFEE3DE02DB4F65BF963E7A /* libGTM_NSScannerJSON.a */; };
		C2C9D96C8BD24EC9A8FA9117 /* libGTM_NSStringHTML.a in Frameworks */ = {isa = PBXBuildFile; fileRef = 2C32E937454B42C9AC1A841A /* libGTM_NSStringHTML.a */; };
		516D8CD2FFDC4C8187DE0573 /* libGTM_NSStringXML.a in Frameworks */ = {isa = PBXBuildFile; fileRef = 6F22D37775774492B78B468C /* libGTM_NSStringXML.a */; };
		D697096FB47D4257B9F1264C /* libGTM_Regex.a in Frameworks */ = {isa = PBXBuildFile; fileRef = 652331F3AF5146CDA2F45783 /* libGTM_Regex.a */; };
		2E9A981D50894DEA94EC3F57 /* libGTM_RoundedRectPath.a in Frameworks */ = {isa = PBXBuildFile; fileRef = 6FB5343FFA034A539690A5D6 /* libGTM_RoundedRectPath.a */; };
		66E37FC0AC6042A6A8C6B45B /* libGTM_StringEncoding.a in Frameworks */ = {isa = PBXBuildFile; fileRef = A982CB771BB840EE892D0545 /* libGTM_StringEncoding.a */; };
		6F4F0C06C5FB4B248347CFA3 /* libGTM_SystemVersion.a in Frameworks */ = {isa = PBXBuildFile; fileRef = 4FAB5643885E4068A5447305 /* libGTM_SystemVersion.a */; };
		ECFCBD1095894AFE9A1F259D /* libGTM_UIFont+LineHeight.a in Frameworks */ = {isa = PBXBuildFile; fileRef = 2D2DC6625F0B4D95A3E37497 /* libGTM_UIFont+LineHeight.a */; };
		D9A01E0B77B340DC92DD1048 /* libGTM_core.a in Frameworks */ = {isa = PBXBuildFile; fileRef = 52270A49604840DF8CBB798E /* libGTM_core.a */; };
		30D9E0B7D02041849C7B8774 /* libGTM_iPhone.a in Frameworks */ = {isa = PBXBuildFile; fileRef = B145C109902C424BA84224E4 /* libGTM_iPhone.a */; };
		523C18F93C4F450DBA1B3F7E /* libGcmLib.a in Frameworks */ = {isa = PBXBuildFile; fileRef = 81EBA1BA07B841728808E6E6 /* libGcmLib.a */; };
		B5992768283544EBB11975A9 /* libProtocolBuffers.a in Frameworks */ = {isa = PBXBuildFile; fileRef = AB935C5768D2439193E359E2 /* libProtocolBuffers.a */; };
		8AC51F16D34F474CBA04A0C3 /* AddressBook.framework in Frameworks */ = {isa = PBXBuildFile; fileRef = 236A49796B754EC0B9E4C500 /* AddressBook.framework */; };
		29A4A2E2E97947AA8D9B6C10 /* libsqlite3.tbd in Resources */ = {isa = PBXBuildFile; fileRef = 2613D7E9B54B4C75A8863594 /* libsqlite3.tbd */; };
		A69B05D2C9F141F2B7909756 /* libz.tbd in Resources */ = {isa = PBXBuildFile; fileRef = 53D89539CB2E4544ACBAB4D1 /* libz.tbd */; };
/* End PBXBuildFile section */

/* Begin PBXContainerItemProxy section */
		301BF534109A57CC0062928A /* PBXContainerItemProxy */ = {
			isa = PBXContainerItemProxy;
			containerPortal = 301BF52D109A57CC0062928A /* CordovaLib.xcodeproj */;
			proxyType = 2;
			remoteGlobalIDString = D2AAC07E0554694100DB518D;
			remoteInfo = CordovaLib;
		};
		301BF550109A68C00062928A /* PBXContainerItemProxy */ = {
			isa = PBXContainerItemProxy;
			containerPortal = 301BF52D109A57CC0062928A /* CordovaLib.xcodeproj */;
			proxyType = 1;
			remoteGlobalIDString = D2AAC07D0554694100DB518D;
			remoteInfo = CordovaLib;
		};
/* End PBXContainerItemProxy section */

/* Begin PBXFileReference section */
		0207DA571B56EA530066E2B4 /* Images.xcassets */ = {isa = PBXFileReference; lastKnownFileType = folder.assetcatalog; name = Images.xcassets; path = "Moodle Mobile/Images.xcassets"; sourceTree = SOURCE_ROOT; };
		1D3623240D0F684500981E51 /* AppDelegate.h */ = {isa = PBXFileReference; fileEncoding = 4; lastKnownFileType = sourcecode.c.h; path = AppDelegate.h; sourceTree = "<group>"; };
		1D3623250D0F684500981E51 /* AppDelegate.m */ = {isa = PBXFileReference; fileEncoding = 4; lastKnownFileType = sourcecode.c.objc; path = AppDelegate.m; sourceTree = "<group>"; };
		1D6058910D05DD3D006BFB54 /* Moodle Mobile.app */ = {isa = PBXFileReference; explicitFileType = wrapper.application; includeInIndex = 0; path = "Moodle Mobile.app"; sourceTree = BUILT_PRODUCTS_DIR; };
		29B97316FDCFA39411CA2CEA /* main.m */ = {isa = PBXFileReference; fileEncoding = 4; lastKnownFileType = sourcecode.c.objc; path = main.m; sourceTree = "<group>"; };
		301BF52D109A57CC0062928A /* CordovaLib.xcodeproj */ = {isa = PBXFileReference; lastKnownFileType = "wrapper.pb-project"; name = CordovaLib.xcodeproj; path = CordovaLib/CordovaLib.xcodeproj; sourceTree = "<group>"; };
		301BF56E109A69640062928A /* www */ = {isa = PBXFileReference; lastKnownFileType = folder; path = www; sourceTree = SOURCE_ROOT; };
		302D95EE14D2391D003F00A1 /* MainViewController.h */ = {isa = PBXFileReference; fileEncoding = 4; lastKnownFileType = sourcecode.c.h; path = MainViewController.h; sourceTree = "<group>"; };
		302D95EF14D2391D003F00A1 /* MainViewController.m */ = {isa = PBXFileReference; fileEncoding = 4; lastKnownFileType = sourcecode.c.objc; path = MainViewController.m; sourceTree = "<group>"; };
		302D95F014D2391D003F00A1 /* MainViewController.xib */ = {isa = PBXFileReference; fileEncoding = 4; lastKnownFileType = file.xib; path = MainViewController.xib; sourceTree = "<group>"; };
		3047A50F1AB8059700498E2A /* build-debug.xcconfig */ = {isa = PBXFileReference; fileEncoding = 4; lastKnownFileType = text.xcconfig; name = "build-debug.xcconfig"; path = cordova/build-debug.xcconfig; sourceTree = SOURCE_ROOT; };
		3047A5101AB8059700498E2A /* build-release.xcconfig */ = {isa = PBXFileReference; fileEncoding = 4; lastKnownFileType = text.xcconfig; name = "build-release.xcconfig"; path = cordova/build-release.xcconfig; sourceTree = SOURCE_ROOT; };
		3047A5111AB8059700498E2A /* build.xcconfig */ = {isa = PBXFileReference; fileEncoding = 4; lastKnownFileType = text.xcconfig; name = build.xcconfig; path = cordova/build.xcconfig; sourceTree = SOURCE_ROOT; };
		32CA4F630368D1EE00C91783 /* Moodle Mobile-Prefix.pch */ = {isa = PBXFileReference; fileEncoding = 4; lastKnownFileType = sourcecode.c.h; path = "Moodle Mobile-Prefix.pch"; sourceTree = "<group>"; };
		8D1107310486CEB800E47090 /* Moodle Mobile-Info.plist */ = {isa = PBXFileReference; fileEncoding = 4; lastKnownFileType = text.plist.xml; name = "Moodle Mobile-Info.plist"; path = "Moodle Mobile/Moodle Mobile-Info.plist"; plistStructureDefinitionIdentifier = "com.apple.xcode.plist.structure-definition.iphone.info-plist"; sourceTree = SOURCE_ROOT; };
		EB87FDF31871DA8E0020F90C /* www */ = {isa = PBXFileReference; lastKnownFileType = folder; name = www; path = ../../www; sourceTree = "<group>"; };
		EB87FDF41871DAF40020F90C /* config.xml */ = {isa = PBXFileReference; lastKnownFileType = text.xml; name = config.xml; path = ../../config.xml; sourceTree = "<group>"; };
		F840E1F0165FE0F500CFE078 /* config.xml */ = {isa = PBXFileReference; lastKnownFileType = text.xml; name = config.xml; path = "Moodle Mobile/config.xml"; sourceTree = "<group>"; };
		ED33DF2A687741AEAF9F8254 /* Bridging-Header.h */ = {isa = PBXFileReference; fileEncoding = 4; lastKnownFileType = sourcecode.c.h; name = "Bridging-Header.h"; path = "Bridging-Header.h"; sourceTree = "<group>"; };
		D866E367DE644C4AB63199D5 /* CDVDevice.m */ = {isa = PBXFileReference; name = "CDVDevice.m"; path = "cordova-plugin-device/CDVDevice.m"; sourceTree = "<group>"; fileEncoding = 4; lastKnownFileType = sourcecode.c.objc; explicitFileType = undefined; includeInIndex = 0; };
		4149890F0A834915B610A8D4 /* CDVDevice.h */ = {isa = PBXFileReference; name = "CDVDevice.h"; path = "cordova-plugin-device/CDVDevice.h"; sourceTree = "<group>"; fileEncoding = 4; lastKnownFileType = sourcecode.c.h; explicitFileType = undefined; includeInIndex = 0; };
		64111E23A6B0431092248CF5 /* CDVGlobalization.m */ = {isa = PBXFileReference; name = "CDVGlobalization.m"; path = "cordova-plugin-globalization/CDVGlobalization.m"; sourceTree = "<group>"; fileEncoding = 4; lastKnownFileType = sourcecode.c.objc; explicitFileType = undefined; includeInIndex = 0; };
		BC9F90FE536E4403BCD253E2 /* CDVGlobalization.h */ = {isa = PBXFileReference; name = "CDVGlobalization.h"; path = "cordova-plugin-globalization/CDVGlobalization.h"; sourceTree = "<group>"; fileEncoding = 4; lastKnownFileType = sourcecode.c.h; explicitFileType = undefined; includeInIndex = 0; };
		F04AF6DF8E1A4025AED53ADF /* CDVFile.m */ = {isa = PBXFileReference; name = "CDVFile.m"; path = "cordova-plugin-file/CDVFile.m"; sourceTree = "<group>"; fileEncoding = 4; lastKnownFileType = sourcecode.c.objc; explicitFileType = undefined; includeInIndex = 0; };
		7020B198C52D4CFD97EB34AA /* CDVLocalFilesystem.m */ = {isa = PBXFileReference; name = "CDVLocalFilesystem.m"; path = "cordova-plugin-file/CDVLocalFilesystem.m"; sourceTree = "<group>"; fileEncoding = 4; lastKnownFileType = sourcecode.c.objc; explicitFileType = undefined; includeInIndex = 0; };
		40D4EAE0A697423B94D0E743 /* CDVAssetLibraryFilesystem.m */ = {isa = PBXFileReference; name = "CDVAssetLibraryFilesystem.m"; path = "cordova-plugin-file/CDVAssetLibraryFilesystem.m"; sourceTree = "<group>"; fileEncoding = 4; lastKnownFileType = sourcecode.c.objc; explicitFileType = undefined; includeInIndex = 0; };
		5BC0F9112E3C474CB9A65B38 /* CDVFile.h */ = {isa = PBXFileReference; name = "CDVFile.h"; path = "cordova-plugin-file/CDVFile.h"; sourceTree = "<group>"; fileEncoding = 4; lastKnownFileType = sourcecode.c.h; explicitFileType = undefined; includeInIndex = 0; };
		CD797F83E68E43058B7F87E3 /* CDVLocalFilesystem.h */ = {isa = PBXFileReference; name = "CDVLocalFilesystem.h"; path = "cordova-plugin-file/CDVLocalFilesystem.h"; sourceTree = "<group>"; fileEncoding = 4; lastKnownFileType = sourcecode.c.h; explicitFileType = undefined; includeInIndex = 0; };
		055B5830257448C7BDE3C788 /* CDVAssetLibraryFilesystem.h */ = {isa = PBXFileReference; name = "CDVAssetLibraryFilesystem.h"; path = "cordova-plugin-file/CDVAssetLibraryFilesystem.h"; sourceTree = "<group>"; fileEncoding = 4; lastKnownFileType = sourcecode.c.h; explicitFileType = undefined; includeInIndex = 0; };
		100FF6230B7E432E9518FA66 /* CDVInAppBrowser.m */ = {isa = PBXFileReference; name = "CDVInAppBrowser.m"; path = "cordova-plugin-inappbrowser/CDVInAppBrowser.m"; sourceTree = "<group>"; fileEncoding = 4; lastKnownFileType = sourcecode.c.objc; explicitFileType = undefined; includeInIndex = 0; };
		69B266F3A3B34CA89821EBC8 /* CDVInAppBrowser.h */ = {isa = PBXFileReference; name = "CDVInAppBrowser.h"; path = "cordova-plugin-inappbrowser/CDVInAppBrowser.h"; sourceTree = "<group>"; fileEncoding = 4; lastKnownFileType = sourcecode.c.h; explicitFileType = undefined; includeInIndex = 0; };
		47E3F4D095304C2EA741037A /* CDVFileTransfer.m */ = {isa = PBXFileReference; name = "CDVFileTransfer.m"; path = "cordova-plugin-file-transfer/CDVFileTransfer.m"; sourceTree = "<group>"; fileEncoding = 4; lastKnownFileType = sourcecode.c.objc; explicitFileType = undefined; includeInIndex = 0; };
		6E34C8BD2C82449DA8210F5F /* CDVFileTransfer.h */ = {isa = PBXFileReference; name = "CDVFileTransfer.h"; path = "cordova-plugin-file-transfer/CDVFileTransfer.h"; sourceTree = "<group>"; fileEncoding = 4; lastKnownFileType = sourcecode.c.h; explicitFileType = undefined; includeInIndex = 0; };
		613BC2CBE3DA4304AEAA2E2D /* CDVConnection.m */ = {isa = PBXFileReference; name = "CDVConnection.m"; path = "cordova-plugin-network-information/CDVConnection.m"; sourceTree = "<group>"; fileEncoding = 4; lastKnownFileType = sourcecode.c.objc; explicitFileType = undefined; includeInIndex = 0; };
		6864FE5E300940FD816EE528 /* CDVReachability.m */ = {isa = PBXFileReference; name = "CDVReachability.m"; path = "cordova-plugin-network-information/CDVReachability.m"; sourceTree = "<group>"; fileEncoding = 4; lastKnownFileType = sourcecode.c.objc; explicitFileType = undefined; includeInIndex = 0; };
		E5E043C491C345C9BAC75180 /* CDVConnection.h */ = {isa = PBXFileReference; name = "CDVConnection.h"; path = "cordova-plugin-network-information/CDVConnection.h"; sourceTree = "<group>"; fileEncoding = 4; lastKnownFileType = sourcecode.c.h; explicitFileType = undefined; includeInIndex = 0; };
		370683275F8047B99EC7F73E /* CDVReachability.h */ = {isa = PBXFileReference; name = "CDVReachability.h"; path = "cordova-plugin-network-information/CDVReachability.h"; sourceTree = "<group>"; fileEncoding = 4; lastKnownFileType = sourcecode.c.h; explicitFileType = undefined; includeInIndex = 0; };
		39D3B3478E8A4133B8977999 /* SystemConfiguration.framework */ = {isa = PBXFileReference; name = "SystemConfiguration.framework"; path = "System/Library/Frameworks/SystemConfiguration.framework"; sourceTree = SDKROOT; fileEncoding = undefined; lastKnownFileType = wrapper.framework; explicitFileType = undefined; includeInIndex = 0; };
		7DA9CCF56A09497A94FC43D0 /* CoreTelephony.framework */ = {isa = PBXFileReference; name = "CoreTelephony.framework"; path = "System/Library/Frameworks/CoreTelephony.framework"; sourceTree = SDKROOT; fileEncoding = undefined; lastKnownFileType = wrapper.framework; explicitFileType = undefined; includeInIndex = 0; };
		2C5DBE532B6B476B8AB98821 /* UIImage+CropScaleOrientation.m */ = {isa = PBXFileReference; name = "UIImage+CropScaleOrientation.m"; path = "cordova-plugin-camera/UIImage+CropScaleOrientation.m"; sourceTree = "<group>"; fileEncoding = 4; lastKnownFileType = sourcecode.c.objc; explicitFileType = undefined; includeInIndex = 0; };
		51C529FB0FC54136A8CF524B /* CDVCamera.m */ = {isa = PBXFileReference; name = "CDVCamera.m"; path = "cordova-plugin-camera/CDVCamera.m"; sourceTree = "<group>"; fileEncoding = 4; lastKnownFileType = sourcecode.c.objc; explicitFileType = undefined; includeInIndex = 0; };
		2687A16D29D44989A3FB1538 /* CDVJpegHeaderWriter.m */ = {isa = PBXFileReference; name = "CDVJpegHeaderWriter.m"; path = "cordova-plugin-camera/CDVJpegHeaderWriter.m"; sourceTree = "<group>"; fileEncoding = 4; lastKnownFileType = sourcecode.c.objc; explicitFileType = undefined; includeInIndex = 0; };
		93009BDC5E274B5691446FA5 /* UIImage+CropScaleOrientation.h */ = {isa = PBXFileReference; name = "UIImage+CropScaleOrientation.h"; path = "cordova-plugin-camera/UIImage+CropScaleOrientation.h"; sourceTree = "<group>"; fileEncoding = 4; lastKnownFileType = sourcecode.c.h; explicitFileType = undefined; includeInIndex = 0; };
		672F9950FA8B482A9C31FF3D /* CDVCamera.h */ = {isa = PBXFileReference; name = "CDVCamera.h"; path = "cordova-plugin-camera/CDVCamera.h"; sourceTree = "<group>"; fileEncoding = 4; lastKnownFileType = sourcecode.c.h; explicitFileType = undefined; includeInIndex = 0; };
		1229D52513D645959F41848B /* CDVJpegHeaderWriter.h */ = {isa = PBXFileReference; name = "CDVJpegHeaderWriter.h"; path = "cordova-plugin-camera/CDVJpegHeaderWriter.h"; sourceTree = "<group>"; fileEncoding = 4; lastKnownFileType = sourcecode.c.h; explicitFileType = undefined; includeInIndex = 0; };
		7D469DFF9C6B48D98257C3AC /* CDVExif.h */ = {isa = PBXFileReference; name = "CDVExif.h"; path = "cordova-plugin-camera/CDVExif.h"; sourceTree = "<group>"; fileEncoding = 4; lastKnownFileType = sourcecode.c.h; explicitFileType = undefined; includeInIndex = 0; };
		2BA4955719E64F91B0220AC0 /* ImageIO.framework */ = {isa = PBXFileReference; name = "ImageIO.framework"; path = "System/Library/Frameworks/ImageIO.framework"; sourceTree = SDKROOT; fileEncoding = undefined; lastKnownFileType = wrapper.framework; explicitFileType = undefined; includeInIndex = 0; };
		0C9D701AE5BE4EC59C6E3185 /* CoreLocation.framework */ = {isa = PBXFileReference; name = "CoreLocation.framework"; path = "System/Library/Frameworks/CoreLocation.framework"; sourceTree = SDKROOT; fileEncoding = undefined; lastKnownFileType = wrapper.framework; explicitFileType = undefined; includeInIndex = 0; };
		4B13D303591E46A5B01D5152 /* AVFoundation.framework */ = {isa = PBXFileReference; name = "AVFoundation.framework"; path = "System/Library/Frameworks/AVFoundation.framework"; sourceTree = SDKROOT; fileEncoding = undefined; lastKnownFileType = wrapper.framework; explicitFileType = undefined; includeInIndex = 0; };
		EA46CB8100994AD781CA3E59 /* CDVCapture.m */ = {isa = PBXFileReference; name = "CDVCapture.m"; path = "cordova-plugin-media-capture/CDVCapture.m"; sourceTree = "<group>"; fileEncoding = 4; lastKnownFileType = sourcecode.c.objc; explicitFileType = undefined; includeInIndex = 0; };
		7E74011208B847A5A37A5845 /* CDVCapture.h */ = {isa = PBXFileReference; name = "CDVCapture.h"; path = "cordova-plugin-media-capture/CDVCapture.h"; sourceTree = "<group>"; fileEncoding = 4; lastKnownFileType = sourcecode.c.h; explicitFileType = undefined; includeInIndex = 0; };
		A63CF172F22F446C81F0E913 /* CDVCapture.bundle */ = {isa = PBXFileReference; name = "CDVCapture.bundle"; path = "CDVCapture.bundle"; sourceTree = "<group>"; fileEncoding = undefined; lastKnownFileType = wrapper.plug-in; explicitFileType = undefined; includeInIndex = 0; };
		6479C9126DF4442BAA769B0F /* CDVSplashScreen.m */ = {isa = PBXFileReference; name = "CDVSplashScreen.m"; path = "cordova-plugin-splashscreen/CDVSplashScreen.m"; sourceTree = "<group>"; fileEncoding = 4; lastKnownFileType = sourcecode.c.objc; explicitFileType = undefined; includeInIndex = 0; };
		15645AB8889249F9AE6CD50F /* CDVViewController+SplashScreen.m */ = {isa = PBXFileReference; name = "CDVViewController+SplashScreen.m"; path = "cordova-plugin-splashscreen/CDVViewController+SplashScreen.m"; sourceTree = "<group>"; fileEncoding = 4; lastKnownFileType = sourcecode.c.objc; explicitFileType = undefined; includeInIndex = 0; };
		E3B7A50CAA6342978C654FC7 /* CDVSplashScreen.h */ = {isa = PBXFileReference; name = "CDVSplashScreen.h"; path = "cordova-plugin-splashscreen/CDVSplashScreen.h"; sourceTree = "<group>"; fileEncoding = 4; lastKnownFileType = sourcecode.c.h; explicitFileType = undefined; includeInIndex = 0; };
		C25E5649F3B243E9BFEE2094 /* CDVViewController+SplashScreen.h */ = {isa = PBXFileReference; name = "CDVViewController+SplashScreen.h"; path = "cordova-plugin-splashscreen/CDVViewController+SplashScreen.h"; sourceTree = "<group>"; fileEncoding = 4; lastKnownFileType = sourcecode.c.h; explicitFileType = undefined; includeInIndex = 0; };
		8387BD8117984172904B6F7E /* CDVStatusBar.m */ = {isa = PBXFileReference; name = "CDVStatusBar.m"; path = "cordova-plugin-statusbar/CDVStatusBar.m"; sourceTree = "<group>"; fileEncoding = 4; lastKnownFileType = sourcecode.c.objc; explicitFileType = undefined; includeInIndex = 0; };
		4EDA90415B634B8E8324AF7A /* CDVStatusBar.h */ = {isa = PBXFileReference; name = "CDVStatusBar.h"; path = "cordova-plugin-statusbar/CDVStatusBar.h"; sourceTree = "<group>"; fileEncoding = 4; lastKnownFileType = sourcecode.c.h; explicitFileType = undefined; includeInIndex = 0; };
		9A97410EFD7D4EFBA7EC2109 /* IonicKeyboard.m */ = {isa = PBXFileReference; name = "IonicKeyboard.m"; path = "ionic-plugin-keyboard/IonicKeyboard.m"; sourceTree = "<group>"; fileEncoding = 4; lastKnownFileType = sourcecode.c.objc; explicitFileType = undefined; includeInIndex = 0; };
		3493517F8DCF49D8875A7514 /* IonicKeyboard.h */ = {isa = PBXFileReference; name = "IonicKeyboard.h"; path = "ionic-plugin-keyboard/IonicKeyboard.h"; sourceTree = "<group>"; fileEncoding = 4; lastKnownFileType = sourcecode.c.h; explicitFileType = undefined; includeInIndex = 0; };
		ADFBB67F73AC4B649245B30A /* DocumentHandler.m */ = {isa = PBXFileReference; name = "DocumentHandler.m"; path = "ch.ti8m.documenthandler/DocumentHandler.m"; sourceTree = "<group>"; fileEncoding = 4; lastKnownFileType = sourcecode.c.objc; explicitFileType = undefined; includeInIndex = 0; };
		01DCE8B593B44BAD8BBA0F09 /* DocumentHandler.h */ = {isa = PBXFileReference; name = "DocumentHandler.h"; path = "ch.ti8m.documenthandler/DocumentHandler.h"; sourceTree = "<group>"; fileEncoding = 4; lastKnownFileType = sourcecode.c.h; explicitFileType = undefined; includeInIndex = 0; };
		DB05968E0A574159BCFCED50 /* QuickLook.framework */ = {isa = PBXFileReference; name = "QuickLook.framework"; path = "System/Library/Frameworks/QuickLook.framework"; sourceTree = SDKROOT; fileEncoding = undefined; lastKnownFileType = wrapper.framework; explicitFileType = undefined; includeInIndex = 0; };
		54CC44D360D54521A5264364 /* AppDelegate+APPAppEvent.m */ = {isa = PBXFileReference; name = "AppDelegate+APPAppEvent.m"; path = "cordova-plugin-app-event/AppDelegate+APPAppEvent.m"; sourceTree = "<group>"; fileEncoding = 4; lastKnownFileType = sourcecode.c.objc; explicitFileType = undefined; includeInIndex = 0; };
		D7DEE96F06E447CCB8423908 /* CDVPlugin+APPAppEvent.m */ = {isa = PBXFileReference; name = "CDVPlugin+APPAppEvent.m"; path = "cordova-plugin-app-event/CDVPlugin+APPAppEvent.m"; sourceTree = "<group>"; fileEncoding = 4; lastKnownFileType = sourcecode.c.objc; explicitFileType = undefined; includeInIndex = 0; };
		90846F563C6049CF88393F32 /* AppDelegate+APPAppEvent.h */ = {isa = PBXFileReference; name = "AppDelegate+APPAppEvent.h"; path = "cordova-plugin-app-event/AppDelegate+APPAppEvent.h"; sourceTree = "<group>"; fileEncoding = 4; lastKnownFileType = sourcecode.c.h; explicitFileType = undefined; includeInIndex = 0; };
		3E4577115AA047D8A66497A0 /* CDVPlugin+APPAppEvent.h */ = {isa = PBXFileReference; name = "CDVPlugin+APPAppEvent.h"; path = "cordova-plugin-app-event/CDVPlugin+APPAppEvent.h"; sourceTree = "<group>"; fileEncoding = 4; lastKnownFileType = sourcecode.c.h; explicitFileType = undefined; includeInIndex = 0; };
		7F39A56FA11D41E892E6730A /* APPAppEventDelegate.h */ = {isa = PBXFileReference; name = "APPAppEventDelegate.h"; path = "cordova-plugin-app-event/APPAppEventDelegate.h"; sourceTree = "<group>"; fileEncoding = 4; lastKnownFileType = sourcecode.c.h; explicitFileType = undefined; includeInIndex = 0; };
		418ED63E485F45D297E82840 /* APPLocalNotification.m */ = {isa = PBXFileReference; name = "APPLocalNotification.m"; path = "cordova-plugin-local-notifications-mm/APPLocalNotification.m"; sourceTree = "<group>"; fileEncoding = 4; lastKnownFileType = sourcecode.c.objc; explicitFileType = undefined; includeInIndex = 0; };
		090F10E58C76424E91E810C1 /* APPLocalNotificationOptions.m */ = {isa = PBXFileReference; name = "APPLocalNotificationOptions.m"; path = "cordova-plugin-local-notifications-mm/APPLocalNotificationOptions.m"; sourceTree = "<group>"; fileEncoding = 4; lastKnownFileType = sourcecode.c.objc; explicitFileType = undefined; includeInIndex = 0; };
		5775CB53F4624008B5D8D52D /* UIApplication+APPLocalNotification.m */ = {isa = PBXFileReference; name = "UIApplication+APPLocalNotification.m"; path = "cordova-plugin-local-notifications-mm/UIApplication+APPLocalNotification.m"; sourceTree = "<group>"; fileEncoding = 4; lastKnownFileType = sourcecode.c.objc; explicitFileType = undefined; includeInIndex = 0; };
		972A89E0F2194C88BF3337AF /* UILocalNotification+APPLocalNotification.m */ = {isa = PBXFileReference; name = "UILocalNotification+APPLocalNotification.m"; path = "cordova-plugin-local-notifications-mm/UILocalNotification+APPLocalNotification.m"; sourceTree = "<group>"; fileEncoding = 4; lastKnownFileType = sourcecode.c.objc; explicitFileType = undefined; includeInIndex = 0; };
		8B2520C0B6C6401BB9F8BD0A /* APPLocalNotification.h */ = {isa = PBXFileReference; name = "APPLocalNotification.h"; path = "cordova-plugin-local-notifications-mm/APPLocalNotification.h"; sourceTree = "<group>"; fileEncoding = 4; lastKnownFileType = sourcecode.c.h; explicitFileType = undefined; includeInIndex = 0; };
		E24CE66C889E4FCF84E23100 /* APPLocalNotificationOptions.h */ = {isa = PBXFileReference; name = "APPLocalNotificationOptions.h"; path = "cordova-plugin-local-notifications-mm/APPLocalNotificationOptions.h"; sourceTree = "<group>"; fileEncoding = 4; lastKnownFileType = sourcecode.c.h; explicitFileType = undefined; includeInIndex = 0; };
		404411A0E2A44546A084E04A /* UIApplication+APPLocalNotification.h */ = {isa = PBXFileReference; name = "UIApplication+APPLocalNotification.h"; path = "cordova-plugin-local-notifications-mm/UIApplication+APPLocalNotification.h"; sourceTree = "<group>"; fileEncoding = 4; lastKnownFileType = sourcecode.c.h; explicitFileType = undefined; includeInIndex = 0; };
		A895B97406FA408A814E5E9D /* UILocalNotification+APPLocalNotification.h */ = {isa = PBXFileReference; name = "UILocalNotification+APPLocalNotification.h"; path = "cordova-plugin-local-notifications-mm/UILocalNotification+APPLocalNotification.h"; sourceTree = "<group>"; fileEncoding = 4; lastKnownFileType = sourcecode.c.h; explicitFileType = undefined; includeInIndex = 0; };
		D713245F16744D57A1FC0D11 /* ZipPlugin.m */ = {isa = PBXFileReference; name = "ZipPlugin.m"; path = "cordova-plugin-zip/ZipPlugin.m"; sourceTree = "<group>"; fileEncoding = 4; lastKnownFileType = sourcecode.c.objc; explicitFileType = undefined; includeInIndex = 0; };
		C2028EE9A0CB467E8084E2F4 /* aescrypt.c */ = {isa = PBXFileReference; name = "aescrypt.c"; path = "cordova-plugin-zip/Plugins/aes/aescrypt.c"; sourceTree = "<group>"; fileEncoding = undefined; lastKnownFileType = unknown; explicitFileType = undefined; includeInIndex = 0; };
		3DCADF7533AF46009EF81E27 /* aeskey.c */ = {isa = PBXFileReference; name = "aeskey.c"; path = "cordova-plugin-zip/Plugins/aes/aeskey.c"; sourceTree = "<group>"; fileEncoding = undefined; lastKnownFileType = unknown; explicitFileType = undefined; includeInIndex = 0; };
		15860F7B0B9946CFA8D93891 /* aestab.c */ = {isa = PBXFileReference; name = "aestab.c"; path = "cordova-plugin-zip/Plugins/aes/aestab.c"; sourceTree = "<group>"; fileEncoding = undefined; lastKnownFileType = unknown; explicitFileType = undefined; includeInIndex = 0; };
		FD511EBB3C37485680BFE03B /* entropy.c */ = {isa = PBXFileReference; name = "entropy.c"; path = "cordova-plugin-zip/Plugins/aes/entropy.c"; sourceTree = "<group>"; fileEncoding = undefined; lastKnownFileType = unknown; explicitFileType = undefined; includeInIndex = 0; };
		E865216C82A6465B9DBD557F /* fileenc.c */ = {isa = PBXFileReference; name = "fileenc.c"; path = "cordova-plugin-zip/Plugins/aes/fileenc.c"; sourceTree = "<group>"; fileEncoding = undefined; lastKnownFileType = unknown; explicitFileType = undefined; includeInIndex = 0; };
		B894665555DA46DBAB6F63F4 /* hmac.c */ = {isa = PBXFileReference; name = "hmac.c"; path = "cordova-plugin-zip/Plugins/aes/hmac.c"; sourceTree = "<group>"; fileEncoding = undefined; lastKnownFileType = unknown; explicitFileType = undefined; includeInIndex = 0; };
		CD2E5DC86E4B439EBF4C34C7 /* prng.c */ = {isa = PBXFileReference; name = "prng.c"; path = "cordova-plugin-zip/Plugins/aes/prng.c"; sourceTree = "<group>"; fileEncoding = undefined; lastKnownFileType = unknown; explicitFileType = undefined; includeInIndex = 0; };
		4B88354859124AB2AB894EB6 /* pwd2key.c */ = {isa = PBXFileReference; name = "pwd2key.c"; path = "cordova-plugin-zip/Plugins/aes/pwd2key.c"; sourceTree = "<group>"; fileEncoding = undefined; lastKnownFileType = unknown; explicitFileType = undefined; includeInIndex = 0; };
		5F7E185183134AD4A8012F28 /* sha1.c */ = {isa = PBXFileReference; name = "sha1.c"; path = "cordova-plugin-zip/Plugins/aes/sha1.c"; sourceTree = "<group>"; fileEncoding = undefined; lastKnownFileType = unknown; explicitFileType = undefined; includeInIndex = 0; };
		FD034CFF3DB948CB85DCED55 /* SSZipArchive.m */ = {isa = PBXFileReference; name = "SSZipArchive.m"; path = "cordova-plugin-zip/Plugins/minizip/SSZipArchive.m"; sourceTree = "<group>"; fileEncoding = 4; lastKnownFileType = sourcecode.c.objc; explicitFileType = undefined; includeInIndex = 0; };
		279B786F75574870A3A206AC /* zip.c */ = {isa = PBXFileReference; name = "zip.c"; path = "cordova-plugin-zip/Plugins/minizip/zip.c"; sourceTree = "<group>"; fileEncoding = undefined; lastKnownFileType = unknown; explicitFileType = undefined; includeInIndex = 0; };
		7D748C0D73154C47ACE588BF /* unzip.c */ = {isa = PBXFileReference; name = "unzip.c"; path = "cordova-plugin-zip/Plugins/minizip/unzip.c"; sourceTree = "<group>"; fileEncoding = undefined; lastKnownFileType = unknown; explicitFileType = undefined; includeInIndex = 0; };
		CDD2E13A4AAE4E59B7F85ED5 /* mztools.c */ = {isa = PBXFileReference; name = "mztools.c"; path = "cordova-plugin-zip/Plugins/minizip/mztools.c"; sourceTree = "<group>"; fileEncoding = undefined; lastKnownFileType = unknown; explicitFileType = undefined; includeInIndex = 0; };
		1E8230C6CE5C44A4ABA7A064 /* ioapi.c */ = {isa = PBXFileReference; name = "ioapi.c"; path = "cordova-plugin-zip/Plugins/minizip/ioapi.c"; sourceTree = "<group>"; fileEncoding = undefined; lastKnownFileType = unknown; explicitFileType = undefined; includeInIndex = 0; };
		479C89A4C91E468E9448EE26 /* ZipPlugin.h */ = {isa = PBXFileReference; name = "ZipPlugin.h"; path = "cordova-plugin-zip/ZipPlugin.h"; sourceTree = "<group>"; fileEncoding = 4; lastKnownFileType = sourcecode.c.h; explicitFileType = undefined; includeInIndex = 0; };
		89433CCDD16344F49FBC971E /* Common.h */ = {isa = PBXFileReference; name = "Common.h"; path = "cordova-plugin-zip/Common.h"; sourceTree = "<group>"; fileEncoding = 4; lastKnownFileType = sourcecode.c.h; explicitFileType = undefined; includeInIndex = 0; };
		FAFB1035682248E09E0D6E61 /* aes.h */ = {isa = PBXFileReference; name = "aes.h"; path = "cordova-plugin-zip/Plugins/aes/aes.h"; sourceTree = "<group>"; fileEncoding = 4; lastKnownFileType = sourcecode.c.h; explicitFileType = undefined; includeInIndex = 0; };
		4C556CF515594B0189D0D82C /* aes_via_ace.h */ = {isa = PBXFileReference; name = "aes_via_ace.h"; path = "cordova-plugin-zip/Plugins/aes/aes_via_ace.h"; sourceTree = "<group>"; fileEncoding = 4; lastKnownFileType = sourcecode.c.h; explicitFileType = undefined; includeInIndex = 0; };
		C323F2E2ED8B4B9A86626469 /* aesopt.h */ = {isa = PBXFileReference; name = "aesopt.h"; path = "cordova-plugin-zip/Plugins/aes/aesopt.h"; sourceTree = "<group>"; fileEncoding = 4; lastKnownFileType = sourcecode.c.h; explicitFileType = undefined; includeInIndex = 0; };
		1A5A57D930FE44A88DE87B06 /* aestab.h */ = {isa = PBXFileReference; name = "aestab.h"; path = "cordova-plugin-zip/Plugins/aes/aestab.h"; sourceTree = "<group>"; fileEncoding = 4; lastKnownFileType = sourcecode.c.h; explicitFileType = undefined; includeInIndex = 0; };
		A0DE7C7A4ACA47F9B21342CE /* brg_endian.h */ = {isa = PBXFileReference; name = "brg_endian.h"; path = "cordova-plugin-zip/Plugins/aes/brg_endian.h"; sourceTree = "<group>"; fileEncoding = 4; lastKnownFileType = sourcecode.c.h; explicitFileType = undefined; includeInIndex = 0; };
		01AB92F2DF9849C4A63E9179 /* brg_types.h */ = {isa = PBXFileReference; name = "brg_types.h"; path = "cordova-plugin-zip/Plugins/aes/brg_types.h"; sourceTree = "<group>"; fileEncoding = 4; lastKnownFileType = sourcecode.c.h; explicitFileType = undefined; includeInIndex = 0; };
		DE3FC78D1BF244B194962656 /* entropy.h */ = {isa = PBXFileReference; name = "entropy.h"; path = "cordova-plugin-zip/Plugins/aes/entropy.h"; sourceTree = "<group>"; fileEncoding = 4; lastKnownFileType = sourcecode.c.h; explicitFileType = undefined; includeInIndex = 0; };
		97399EBC118A43DABEBB043C /* fileenc.h */ = {isa = PBXFileReference; name = "fileenc.h"; path = "cordova-plugin-zip/Plugins/aes/fileenc.h"; sourceTree = "<group>"; fileEncoding = 4; lastKnownFileType = sourcecode.c.h; explicitFileType = undefined; includeInIndex = 0; };
		04D2D9C429AC4C5DA501C5CB /* hmac.h */ = {isa = PBXFileReference; name = "hmac.h"; path = "cordova-plugin-zip/Plugins/aes/hmac.h"; sourceTree = "<group>"; fileEncoding = 4; lastKnownFileType = sourcecode.c.h; explicitFileType = undefined; includeInIndex = 0; };
		909DFF48E85043F2B8ABE3E5 /* prng.h */ = {isa = PBXFileReference; name = "prng.h"; path = "cordova-plugin-zip/Plugins/aes/prng.h"; sourceTree = "<group>"; fileEncoding = 4; lastKnownFileType = sourcecode.c.h; explicitFileType = undefined; includeInIndex = 0; };
		53A76A2CFB45426687A43709 /* pwd2key.h */ = {isa = PBXFileReference; name = "pwd2key.h"; path = "cordova-plugin-zip/Plugins/aes/pwd2key.h"; sourceTree = "<group>"; fileEncoding = 4; lastKnownFileType = sourcecode.c.h; explicitFileType = undefined; includeInIndex = 0; };
		6877966F5CD04C60A6713CCC /* sha1.h */ = {isa = PBXFileReference; name = "sha1.h"; path = "cordova-plugin-zip/Plugins/aes/sha1.h"; sourceTree = "<group>"; fileEncoding = 4; lastKnownFileType = sourcecode.c.h; explicitFileType = undefined; includeInIndex = 0; };
		D77F269999164870BD6C2B48 /* SSZipArchive.h */ = {isa = PBXFileReference; name = "SSZipArchive.h"; path = "cordova-plugin-zip/Plugins/minizip/SSZipArchive.h"; sourceTree = "<group>"; fileEncoding = 4; lastKnownFileType = sourcecode.c.h; explicitFileType = undefined; includeInIndex = 0; };
		2DF3C97A56F642F08BCA8E0F /* zip.h */ = {isa = PBXFileReference; name = "zip.h"; path = "cordova-plugin-zip/Plugins/minizip/zip.h"; sourceTree = "<group>"; fileEncoding = 4; lastKnownFileType = sourcecode.c.h; explicitFileType = undefined; includeInIndex = 0; };
		4D5F9F57934049DE9B5320B8 /* unzip.h */ = {isa = PBXFileReference; name = "unzip.h"; path = "cordova-plugin-zip/Plugins/minizip/unzip.h"; sourceTree = "<group>"; fileEncoding = 4; lastKnownFileType = sourcecode.c.h; explicitFileType = undefined; includeInIndex = 0; };
		12820E0D51EE44FEBCFA22EC /* mztools.h */ = {isa = PBXFileReference; name = "mztools.h"; path = "cordova-plugin-zip/Plugins/minizip/mztools.h"; sourceTree = "<group>"; fileEncoding = 4; lastKnownFileType = sourcecode.c.h; explicitFileType = undefined; includeInIndex = 0; };
		E1C1AB3968FE4DFEAE200333 /* ioapi.h */ = {isa = PBXFileReference; name = "ioapi.h"; path = "cordova-plugin-zip/Plugins/minizip/ioapi.h"; sourceTree = "<group>"; fileEncoding = 4; lastKnownFileType = sourcecode.c.h; explicitFileType = undefined; includeInIndex = 0; };
		C251867D86704C2FB8566412 /* crypt.h */ = {isa = PBXFileReference; name = "crypt.h"; path = "cordova-plugin-zip/Plugins/minizip/crypt.h"; sourceTree = "<group>"; fileEncoding = 4; lastKnownFileType = sourcecode.c.h; explicitFileType = undefined; includeInIndex = 0; };
		9CE66DD98E3A4150B934D16C /* libz.dylib */ = {isa = PBXFileReference; name = "libz.dylib"; path = "usr/lib/libz.dylib"; sourceTree = SDKROOT; fileEncoding = undefined; lastKnownFileType = compiled.mach-o.dylib; explicitFileType = undefined; includeInIndex = 0; };
		6CFA4732AFCD4584AB83801F /* AppDelegate+notification.m */ = {isa = PBXFileReference; name = "AppDelegate+notification.m"; path = "phonegap-plugin-push/AppDelegate+notification.m"; sourceTree = "<group>"; fileEncoding = 4; lastKnownFileType = sourcecode.c.objc; explicitFileType = undefined; includeInIndex = 0; };
		C6578066FFC847EBB8069E90 /* PushPlugin.m */ = {isa = PBXFileReference; name = "PushPlugin.m"; path = "phonegap-plugin-push/PushPlugin.m"; sourceTree = "<group>"; fileEncoding = 4; lastKnownFileType = sourcecode.c.objc; explicitFileType = undefined; includeInIndex = 0; };
		245B844582ED49C985704882 /* libGGLCloudMessaging.a */ = {isa = PBXFileReference; name = "libGGLCloudMessaging.a"; path = "Moodle Mobile/Plugins/phonegap-plugin-push/GCM/Libraries/libGGLCloudMessaging.a"; sourceTree = "<group>"; fileEncoding = undefined; lastKnownFileType = archive.ar; explicitFileType = undefined; includeInIndex = 0; };
		B9BD9068D81D4B0D88C7AD2E /* libGGLCore.a */ = {isa = PBXFileReference; name = "libGGLCore.a"; path = "Moodle Mobile/Plugins/phonegap-plugin-push/GCM/Libraries/libGGLCore.a"; sourceTree = "<group>"; fileEncoding = undefined; lastKnownFileType = archive.ar; explicitFileType = undefined; includeInIndex = 0; };
		8D455213B09740B2A4558B59 /* libGGLInstanceIDLib.a */ = {isa = PBXFileReference; name = "libGGLInstanceIDLib.a"; path = "Moodle Mobile/Plugins/phonegap-plugin-push/GCM/Libraries/libGGLInstanceIDLib.a"; sourceTree = "<group>"; fileEncoding = undefined; lastKnownFileType = archive.ar; explicitFileType = undefined; includeInIndex = 0; };
		C6C052461A17474693DCC25A /* libGIP_Reachability.a */ = {isa = PBXFileReference; name = "libGIP_Reachability.a"; path = "Moodle Mobile/Plugins/phonegap-plugin-push/GCM/Libraries/libGIP_Reachability.a"; sourceTree = "<group>"; fileEncoding = undefined; lastKnownFileType = archive.ar; explicitFileType = undefined; includeInIndex = 0; };
		7379516A9E59469389F4677F /* libGSDK_Overload.a */ = {isa = PBXFileReference; name = "libGSDK_Overload.a"; path = "Moodle Mobile/Plugins/phonegap-plugin-push/GCM/Libraries/libGSDK_Overload.a"; sourceTree = "<group>"; fileEncoding = undefined; lastKnownFileType = archive.ar; explicitFileType = undefined; includeInIndex = 0; };
		8F6B679895A7475EB799250D /* libGTMSessionFetcher_core.a */ = {isa = PBXFileReference; name = "libGTMSessionFetcher_core.a"; path = "Moodle Mobile/Plugins/phonegap-plugin-push/GCM/Libraries/libGTMSessionFetcher_core.a"; sourceTree = "<group>"; fileEncoding = undefined; lastKnownFileType = archive.ar; explicitFileType = undefined; includeInIndex = 0; };
		12AD0B671D9549A4B932C46D /* libGTMSessionFetcher_full.a */ = {isa = PBXFileReference; name = "libGTMSessionFetcher_full.a"; path = "Moodle Mobile/Plugins/phonegap-plugin-push/GCM/Libraries/libGTMSessionFetcher_full.a"; sourceTree = "<group>"; fileEncoding = undefined; lastKnownFileType = archive.ar; explicitFileType = undefined; includeInIndex = 0; };
		A707BC4F0BCF4454BFC9CDA7 /* libGTMStackTrace.a */ = {isa = PBXFileReference; name = "libGTMStackTrace.a"; path = "Moodle Mobile/Plugins/phonegap-plugin-push/GCM/Libraries/libGTMStackTrace.a"; sourceTree = "<group>"; fileEncoding = undefined; lastKnownFileType = archive.ar; explicitFileType = undefined; includeInIndex = 0; };
		8765B48C96054DD69789FBF8 /* libGTM_AddressBook.a */ = {isa = PBXFileReference; name = "libGTM_AddressBook.a"; path = "Moodle Mobile/Plugins/phonegap-plugin-push/GCM/Libraries/libGTM_AddressBook.a"; sourceTree = "<group>"; fileEncoding = undefined; lastKnownFileType = archive.ar; explicitFileType = undefined; includeInIndex = 0; };
		C40BF1AB51E54F908C917F86 /* libGTM_DebugUtils.a */ = {isa = PBXFileReference; name = "libGTM_DebugUtils.a"; path = "Moodle Mobile/Plugins/phonegap-plugin-push/GCM/Libraries/libGTM_DebugUtils.a"; sourceTree = "<group>"; fileEncoding = undefined; lastKnownFileType = archive.ar; explicitFileType = undefined; includeInIndex = 0; };
		D8644E02715240DF83D8B537 /* libGTM_GTMURLBuilder.a */ = {isa = PBXFileReference; name = "libGTM_GTMURLBuilder.a"; path = "Moodle Mobile/Plugins/phonegap-plugin-push/GCM/Libraries/libGTM_GTMURLBuilder.a"; sourceTree = "<group>"; fileEncoding = undefined; lastKnownFileType = archive.ar; explicitFileType = undefined; includeInIndex = 0; };
		43254BC57E9244B28B937FBF /* libGTM_KVO.a */ = {isa = PBXFileReference; name = "libGTM_KVO.a"; path = "Moodle Mobile/Plugins/phonegap-plugin-push/GCM/Libraries/libGTM_KVO.a"; sourceTree = "<group>"; fileEncoding = undefined; lastKnownFileType = archive.ar; explicitFileType = undefined; includeInIndex = 0; };
		344626D20E9941608344E541 /* libGTM_NSData+zlib.a */ = {isa = PBXFileReference; name = "libGTM_NSData+zlib.a"; path = "Moodle Mobile/Plugins/phonegap-plugin-push/GCM/Libraries/libGTM_NSData+zlib.a"; sourceTree = "<group>"; fileEncoding = undefined; lastKnownFileType = archive.ar; explicitFileType = undefined; includeInIndex = 0; };
		8EA28982953346B2B2CCDEFE /* libGTM_NSDictionary+URLArguments.a */ = {isa = PBXFileReference; name = "libGTM_NSDictionary+URLArguments.a"; path = "Moodle Mobile/Plugins/phonegap-plugin-push/GCM/Libraries/libGTM_NSDictionary+URLArguments.a"; sourceTree = "<group>"; fileEncoding = undefined; lastKnownFileType = archive.ar; explicitFileType = undefined; includeInIndex = 0; };
		ACFEE3DE02DB4F65BF963E7A /* libGTM_NSScannerJSON.a */ = {isa = PBXFileReference; name = "libGTM_NSScannerJSON.a"; path = "Moodle Mobile/Plugins/phonegap-plugin-push/GCM/Libraries/libGTM_NSScannerJSON.a"; sourceTree = "<group>"; fileEncoding = undefined; lastKnownFileType = archive.ar; explicitFileType = undefined; includeInIndex = 0; };
		2C32E937454B42C9AC1A841A /* libGTM_NSStringHTML.a */ = {isa = PBXFileReference; name = "libGTM_NSStringHTML.a"; path = "Moodle Mobile/Plugins/phonegap-plugin-push/GCM/Libraries/libGTM_NSStringHTML.a"; sourceTree = "<group>"; fileEncoding = undefined; lastKnownFileType = archive.ar; explicitFileType = undefined; includeInIndex = 0; };
		6F22D37775774492B78B468C /* libGTM_NSStringXML.a */ = {isa = PBXFileReference; name = "libGTM_NSStringXML.a"; path = "Moodle Mobile/Plugins/phonegap-plugin-push/GCM/Libraries/libGTM_NSStringXML.a"; sourceTree = "<group>"; fileEncoding = undefined; lastKnownFileType = archive.ar; explicitFileType = undefined; includeInIndex = 0; };
		652331F3AF5146CDA2F45783 /* libGTM_Regex.a */ = {isa = PBXFileReference; name = "libGTM_Regex.a"; path = "Moodle Mobile/Plugins/phonegap-plugin-push/GCM/Libraries/libGTM_Regex.a"; sourceTree = "<group>"; fileEncoding = undefined; lastKnownFileType = archive.ar; explicitFileType = undefined; includeInIndex = 0; };
		6FB5343FFA034A539690A5D6 /* libGTM_RoundedRectPath.a */ = {isa = PBXFileReference; name = "libGTM_RoundedRectPath.a"; path = "Moodle Mobile/Plugins/phonegap-plugin-push/GCM/Libraries/libGTM_RoundedRectPath.a"; sourceTree = "<group>"; fileEncoding = undefined; lastKnownFileType = archive.ar; explicitFileType = undefined; includeInIndex = 0; };
		A982CB771BB840EE892D0545 /* libGTM_StringEncoding.a */ = {isa = PBXFileReference; name = "libGTM_StringEncoding.a"; path = "Moodle Mobile/Plugins/phonegap-plugin-push/GCM/Libraries/libGTM_StringEncoding.a"; sourceTree = "<group>"; fileEncoding = undefined; lastKnownFileType = archive.ar; explicitFileType = undefined; includeInIndex = 0; };
		4FAB5643885E4068A5447305 /* libGTM_SystemVersion.a */ = {isa = PBXFileReference; name = "libGTM_SystemVersion.a"; path = "Moodle Mobile/Plugins/phonegap-plugin-push/GCM/Libraries/libGTM_SystemVersion.a"; sourceTree = "<group>"; fileEncoding = undefined; lastKnownFileType = archive.ar; explicitFileType = undefined; includeInIndex = 0; };
		2D2DC6625F0B4D95A3E37497 /* libGTM_UIFont+LineHeight.a */ = {isa = PBXFileReference; name = "libGTM_UIFont+LineHeight.a"; path = "Moodle Mobile/Plugins/phonegap-plugin-push/GCM/Libraries/libGTM_UIFont+LineHeight.a"; sourceTree = "<group>"; fileEncoding = undefined; lastKnownFileType = archive.ar; explicitFileType = undefined; includeInIndex = 0; };
		52270A49604840DF8CBB798E /* libGTM_core.a */ = {isa = PBXFileReference; name = "libGTM_core.a"; path = "Moodle Mobile/Plugins/phonegap-plugin-push/GCM/Libraries/libGTM_core.a"; sourceTree = "<group>"; fileEncoding = undefined; lastKnownFileType = archive.ar; explicitFileType = undefined; includeInIndex = 0; };
		B145C109902C424BA84224E4 /* libGTM_iPhone.a */ = {isa = PBXFileReference; name = "libGTM_iPhone.a"; path = "Moodle Mobile/Plugins/phonegap-plugin-push/GCM/Libraries/libGTM_iPhone.a"; sourceTree = "<group>"; fileEncoding = undefined; lastKnownFileType = archive.ar; explicitFileType = undefined; includeInIndex = 0; };
		81EBA1BA07B841728808E6E6 /* libGcmLib.a */ = {isa = PBXFileReference; name = "libGcmLib.a"; path = "Moodle Mobile/Plugins/phonegap-plugin-push/GCM/Libraries/libGcmLib.a"; sourceTree = "<group>"; fileEncoding = undefined; lastKnownFileType = archive.ar; explicitFileType = undefined; includeInIndex = 0; };
		AB935C5768D2439193E359E2 /* libProtocolBuffers.a */ = {isa = PBXFileReference; name = "libProtocolBuffers.a"; path = "Moodle Mobile/Plugins/phonegap-plugin-push/GCM/Libraries/libProtocolBuffers.a"; sourceTree = "<group>"; fileEncoding = undefined; lastKnownFileType = archive.ar; explicitFileType = undefined; includeInIndex = 0; };
		7069A7CC92B8447D9C2589B8 /* AppDelegate+notification.h */ = {isa = PBXFileReference; name = "AppDelegate+notification.h"; path = "phonegap-plugin-push/AppDelegate+notification.h"; sourceTree = "<group>"; fileEncoding = 4; lastKnownFileType = sourcecode.c.h; explicitFileType = undefined; includeInIndex = 0; };
		417A5D2BA39A4749AD866B32 /* PushPlugin.h */ = {isa = PBXFileReference; name = "PushPlugin.h"; path = "phonegap-plugin-push/PushPlugin.h"; sourceTree = "<group>"; fileEncoding = 4; lastKnownFileType = sourcecode.c.h; explicitFileType = undefined; includeInIndex = 0; };
		2FED539A05DC4C05949F3A26 /* GGLInstanceID.h */ = {isa = PBXFileReference; name = "GGLInstanceID.h"; path = "phonegap-plugin-push/GCM/Headers/GGLInstanceID.h"; sourceTree = "<group>"; fileEncoding = 4; lastKnownFileType = sourcecode.c.h; explicitFileType = undefined; includeInIndex = 0; };
		280B56A3B5EA445EB0FA219D /* GGLInstanceIDConfig.h */ = {isa = PBXFileReference; name = "GGLInstanceIDConfig.h"; path = "phonegap-plugin-push/GCM/Headers/GGLInstanceIDConfig.h"; sourceTree = "<group>"; fileEncoding = 4; lastKnownFileType = sourcecode.c.h; explicitFileType = undefined; includeInIndex = 0; };
		A9901AFA87EB484AB2539696 /* GGLInstanceIDDelegate.h */ = {isa = PBXFileReference; name = "GGLInstanceIDDelegate.h"; path = "phonegap-plugin-push/GCM/Headers/GGLInstanceIDDelegate.h"; sourceTree = "<group>"; fileEncoding = 4; lastKnownFileType = sourcecode.c.h; explicitFileType = undefined; includeInIndex = 0; };
		FE349975B0E24C49B003C273 /* GGLInstanceIDHeaders.h */ = {isa = PBXFileReference; name = "GGLInstanceIDHeaders.h"; path = "phonegap-plugin-push/GCM/Headers/GGLInstanceIDHeaders.h"; sourceTree = "<group>"; fileEncoding = 4; lastKnownFileType = sourcecode.c.h; explicitFileType = undefined; includeInIndex = 0; };
		F7CC3CD7B5454F48ABF65D67 /* CloudMessaging.h */ = {isa = PBXFileReference; name = "CloudMessaging.h"; path = "phonegap-plugin-push/GCM/Headers/CloudMessaging.h"; sourceTree = "<group>"; fileEncoding = 4; lastKnownFileType = sourcecode.c.h; explicitFileType = undefined; includeInIndex = 0; };
		4920E72687BC4D8EB40B46B7 /* GGLContext+CloudMessaging.h */ = {isa = PBXFileReference; name = "GGLContext+CloudMessaging.h"; path = "phonegap-plugin-push/GCM/Headers/GGLContext+CloudMessaging.h"; sourceTree = "<group>"; fileEncoding = 4; lastKnownFileType = sourcecode.c.h; explicitFileType = undefined; includeInIndex = 0; };
		AED09463BFDE497CA9CF8C5C /* Core.h */ = {isa = PBXFileReference; name = "Core.h"; path = "phonegap-plugin-push/GCM/Headers/Core.h"; sourceTree = "<group>"; fileEncoding = 4; lastKnownFileType = sourcecode.c.h; explicitFileType = undefined; includeInIndex = 0; };
		1DCCF99496434C208807948E /* GGLConfiguration.h */ = {isa = PBXFileReference; name = "GGLConfiguration.h"; path = "phonegap-plugin-push/GCM/Headers/GGLConfiguration.h"; sourceTree = "<group>"; fileEncoding = 4; lastKnownFileType = sourcecode.c.h; explicitFileType = undefined; includeInIndex = 0; };
		29A0D5052C9A4CBEB31E2D98 /* GGLContext.h */ = {isa = PBXFileReference; name = "GGLContext.h"; path = "phonegap-plugin-push/GCM/Headers/GGLContext.h"; sourceTree = "<group>"; fileEncoding = 4; lastKnownFileType = sourcecode.c.h; explicitFileType = undefined; includeInIndex = 0; };
		E196B0F297C74C42A51E7B62 /* GGLErrorCode.h */ = {isa = PBXFileReference; name = "GGLErrorCode.h"; path = "phonegap-plugin-push/GCM/Headers/GGLErrorCode.h"; sourceTree = "<group>"; fileEncoding = 4; lastKnownFileType = sourcecode.c.h; explicitFileType = undefined; includeInIndex = 0; };
		AFC1A70846504DE3BDEBE328 /* GCMConfig.h */ = {isa = PBXFileReference; name = "GCMConfig.h"; path = "phonegap-plugin-push/GCM/Headers/GCMConfig.h"; sourceTree = "<group>"; fileEncoding = 4; lastKnownFileType = sourcecode.c.h; explicitFileType = undefined; includeInIndex = 0; };
		BA08E4E6E43140919BCC51D1 /* GCMPubSub.h */ = {isa = PBXFileReference; name = "GCMPubSub.h"; path = "phonegap-plugin-push/GCM/Headers/GCMPubSub.h"; sourceTree = "<group>"; fileEncoding = 4; lastKnownFileType = sourcecode.c.h; explicitFileType = undefined; includeInIndex = 0; };
		6C81D48E44CE48ECA6D37D79 /* GCMReceiverDelegate.h */ = {isa = PBXFileReference; name = "GCMReceiverDelegate.h"; path = "phonegap-plugin-push/GCM/Headers/GCMReceiverDelegate.h"; sourceTree = "<group>"; fileEncoding = 4; lastKnownFileType = sourcecode.c.h; explicitFileType = undefined; includeInIndex = 0; };
		F9364D30260045D9B05AB641 /* GCMService.h */ = {isa = PBXFileReference; name = "GCMService.h"; path = "phonegap-plugin-push/GCM/Headers/GCMService.h"; sourceTree = "<group>"; fileEncoding = 4; lastKnownFileType = sourcecode.c.h; explicitFileType = undefined; includeInIndex = 0; };
		D556EBF755B4472B980FBA50 /* GoogleCloudMessaging.h */ = {isa = PBXFileReference; name = "GoogleCloudMessaging.h"; path = "phonegap-plugin-push/GCM/Headers/GoogleCloudMessaging.h"; sourceTree = "<group>"; fileEncoding = 4; lastKnownFileType = sourcecode.c.h; explicitFileType = undefined; includeInIndex = 0; };
		236A49796B754EC0B9E4C500 /* AddressBook.framework */ = {isa = PBXFileReference; name = "AddressBook.framework"; path = "System/Library/Frameworks/AddressBook.framework"; sourceTree = SDKROOT; fileEncoding = undefined; lastKnownFileType = wrapper.framework; explicitFileType = undefined; includeInIndex = 0; };
		2613D7E9B54B4C75A8863594 /* libsqlite3.tbd */ = {isa = PBXFileReference; name = "libsqlite3.tbd"; path = "libsqlite3.tbd"; sourceTree = "<group>"; fileEncoding = undefined; lastKnownFileType = unknown; explicitFileType = undefined; includeInIndex = 0; };
		53D89539CB2E4544ACBAB4D1 /* libz.tbd */ = {isa = PBXFileReference; name = "libz.tbd"; path = "libz.tbd"; sourceTree = "<group>"; fileEncoding = undefined; lastKnownFileType = unknown; explicitFileType = undefined; includeInIndex = 0; };
/* End PBXFileReference section */

/* Begin PBXFrameworksBuildPhase section */
		1D60588F0D05DD3D006BFB54 /* Frameworks */ = {
			isa = PBXFrameworksBuildPhase;
			buildActionMask = 2147483647;
			files = (
				301BF552109A68D80062928A /* libCordova.a in Frameworks */,
				FB74C84905824AD7906500A2 /* SystemConfiguration.framework in Frameworks */,
				02131E67C3174A84ADA56648 /* CoreTelephony.framework in Frameworks */,
				DE9A6269B7E047B68B87A0E9 /* ImageIO.framework in Frameworks */,
				B84137D942CA4201985FA18F /* CoreLocation.framework in Frameworks */,
				EBBB4FE465D7480BA8CC7E46 /* AVFoundation.framework in Frameworks */,
				A3240966116F45569BB1B897 /* QuickLook.framework in Frameworks */,
				48CC17A686B9417D8D0043A6 /* libz.dylib in Frameworks */,
				267A3609474C4DB1918E63B6 /* libGGLCloudMessaging.a in Frameworks */,
				4640FF54483F4ACD90E04CB4 /* libGGLCore.a in Frameworks */,
				5D1F65C47D19466AAC6F0A19 /* libGGLInstanceIDLib.a in Frameworks */,
				834FA5911B7F44BBA18304D3 /* libGIP_Reachability.a in Frameworks */,
				8F5A2FCC7AD04782970AC168 /* libGSDK_Overload.a in Frameworks */,
				A37BE3781A734885B0CFEDAB /* libGTMSessionFetcher_core.a in Frameworks */,
				8358E038BAF143AA9DAE93D8 /* libGTMSessionFetcher_full.a in Frameworks */,
				B09F078E237440D9960A2077 /* libGTMStackTrace.a in Frameworks */,
				623665ABE55D49A680278DBB /* libGTM_AddressBook.a in Frameworks */,
				D33A7EF58C5047B88E318CD0 /* libGTM_DebugUtils.a in Frameworks */,
				0FBE98B1B038433EAEA81CC8 /* libGTM_GTMURLBuilder.a in Frameworks */,
				68EA538E75AF41B2BC6EF762 /* libGTM_KVO.a in Frameworks */,
				0732D47EF1E04F10B6476C38 /* libGTM_NSData+zlib.a in Frameworks */,
				142A32BF65534B18B6E7B68B /* libGTM_NSDictionary+URLArguments.a in Frameworks */,
				5F9FB49BFECD4199A12180DE /* libGTM_NSScannerJSON.a in Frameworks */,
				C2C9D96C8BD24EC9A8FA9117 /* libGTM_NSStringHTML.a in Frameworks */,
				516D8CD2FFDC4C8187DE0573 /* libGTM_NSStringXML.a in Frameworks */,
				D697096FB47D4257B9F1264C /* libGTM_Regex.a in Frameworks */,
				2E9A981D50894DEA94EC3F57 /* libGTM_RoundedRectPath.a in Frameworks */,
				66E37FC0AC6042A6A8C6B45B /* libGTM_StringEncoding.a in Frameworks */,
				6F4F0C06C5FB4B248347CFA3 /* libGTM_SystemVersion.a in Frameworks */,
				ECFCBD1095894AFE9A1F259D /* libGTM_UIFont+LineHeight.a in Frameworks */,
				D9A01E0B77B340DC92DD1048 /* libGTM_core.a in Frameworks */,
				30D9E0B7D02041849C7B8774 /* libGTM_iPhone.a in Frameworks */,
				523C18F93C4F450DBA1B3F7E /* libGcmLib.a in Frameworks */,
				B5992768283544EBB11975A9 /* libProtocolBuffers.a in Frameworks */,
				8AC51F16D34F474CBA04A0C3 /* AddressBook.framework in Frameworks */,
				29A4A2E2E97947AA8D9B6C10 /* libsqlite3.tbd in Resources */,
				A69B05D2C9F141F2B7909756 /* libz.tbd in Resources */,
			);
			runOnlyForDeploymentPostprocessing = 0;
		};
/* End PBXFrameworksBuildPhase section */

/* Begin PBXGroup section */
		080E96DDFE201D6D7F000001 /* Classes */ = {
			isa = PBXGroup;
			children = (
				302D95EE14D2391D003F00A1 /* MainViewController.h */,
				302D95EF14D2391D003F00A1 /* MainViewController.m */,
				302D95F014D2391D003F00A1 /* MainViewController.xib */,
				1D3623240D0F684500981E51 /* AppDelegate.h */,
				1D3623250D0F684500981E51 /* AppDelegate.m */,
			);
			name = Classes;
			path = "Moodle Mobile/Classes";
			sourceTree = SOURCE_ROOT;
		};
		19C28FACFE9D520D11CA2CBB /* Products */ = {
			isa = PBXGroup;
			children = (
				1D6058910D05DD3D006BFB54 /* Moodle Mobile.app */,
			);
			name = Products;
			sourceTree = "<group>";
		};
		29B97314FDCFA39411CA2CEA /* CustomTemplate */ = {
			isa = PBXGroup;
			children = (
				EB87FDF41871DAF40020F90C /* config.xml */,
				EB87FDF31871DA8E0020F90C /* www */,
				EB87FDF11871DA420020F90C /* Staging */,
				301BF52D109A57CC0062928A /* CordovaLib.xcodeproj */,
				080E96DDFE201D6D7F000001 /* Classes */,
				307C750510C5A3420062BCA9 /* Plugins */,
				29B97315FDCFA39411CA2CEA /* Other Sources */,
				29B97317FDCFA39411CA2CEA /* Resources */,
				29B97323FDCFA39411CA2CEA /* Frameworks */,
				19C28FACFE9D520D11CA2CBB /* Products */,
			);
			name = CustomTemplate;
			sourceTree = "<group>";
		};
		29B97315FDCFA39411CA2CEA /* Other Sources */ = {
			isa = PBXGroup;
			children = (
				32CA4F630368D1EE00C91783 /* Moodle Mobile-Prefix.pch */,
				29B97316FDCFA39411CA2CEA /* main.m */,
				ED33DF2A687741AEAF9F8254 /* Bridging-Header.h */,
			);
			name = "Other Sources";
			path = "Moodle Mobile";
			sourceTree = "<group>";
		};
		29B97317FDCFA39411CA2CEA /* Resources */ = {
			isa = PBXGroup;
			children = (
				0207DA571B56EA530066E2B4 /* Images.xcassets */,
				3047A50E1AB8057F00498E2A /* config */,
				8D1107310486CEB800E47090 /* Moodle Mobile-Info.plist */,
				A63CF172F22F446C81F0E913 /* CDVCapture.bundle */,
			);
			name = Resources;
			path = "Moodle Mobile/Resources";
			sourceTree = "<group>";
		};
		29B97323FDCFA39411CA2CEA /* Frameworks */ = {
			isa = PBXGroup;
			children = (
				39D3B3478E8A4133B8977999 /* SystemConfiguration.framework */,
				7DA9CCF56A09497A94FC43D0 /* CoreTelephony.framework */,
				2BA4955719E64F91B0220AC0 /* ImageIO.framework */,
				0C9D701AE5BE4EC59C6E3185 /* CoreLocation.framework */,
				4B13D303591E46A5B01D5152 /* AVFoundation.framework */,
				DB05968E0A574159BCFCED50 /* QuickLook.framework */,
				9CE66DD98E3A4150B934D16C /* libz.dylib */,
				245B844582ED49C985704882 /* libGGLCloudMessaging.a */,
				B9BD9068D81D4B0D88C7AD2E /* libGGLCore.a */,
				8D455213B09740B2A4558B59 /* libGGLInstanceIDLib.a */,
				C6C052461A17474693DCC25A /* libGIP_Reachability.a */,
				7379516A9E59469389F4677F /* libGSDK_Overload.a */,
				8F6B679895A7475EB799250D /* libGTMSessionFetcher_core.a */,
				12AD0B671D9549A4B932C46D /* libGTMSessionFetcher_full.a */,
				A707BC4F0BCF4454BFC9CDA7 /* libGTMStackTrace.a */,
				8765B48C96054DD69789FBF8 /* libGTM_AddressBook.a */,
				C40BF1AB51E54F908C917F86 /* libGTM_DebugUtils.a */,
				D8644E02715240DF83D8B537 /* libGTM_GTMURLBuilder.a */,
				43254BC57E9244B28B937FBF /* libGTM_KVO.a */,
				344626D20E9941608344E541 /* libGTM_NSData+zlib.a */,
				8EA28982953346B2B2CCDEFE /* libGTM_NSDictionary+URLArguments.a */,
				ACFEE3DE02DB4F65BF963E7A /* libGTM_NSScannerJSON.a */,
				2C32E937454B42C9AC1A841A /* libGTM_NSStringHTML.a */,
				6F22D37775774492B78B468C /* libGTM_NSStringXML.a */,
				652331F3AF5146CDA2F45783 /* libGTM_Regex.a */,
				6FB5343FFA034A539690A5D6 /* libGTM_RoundedRectPath.a */,
				A982CB771BB840EE892D0545 /* libGTM_StringEncoding.a */,
				4FAB5643885E4068A5447305 /* libGTM_SystemVersion.a */,
				2D2DC6625F0B4D95A3E37497 /* libGTM_UIFont+LineHeight.a */,
				52270A49604840DF8CBB798E /* libGTM_core.a */,
				B145C109902C424BA84224E4 /* libGTM_iPhone.a */,
				81EBA1BA07B841728808E6E6 /* libGcmLib.a */,
				AB935C5768D2439193E359E2 /* libProtocolBuffers.a */,
				236A49796B754EC0B9E4C500 /* AddressBook.framework */,
				2613D7E9B54B4C75A8863594 /* libsqlite3.tbd */,
				53D89539CB2E4544ACBAB4D1 /* libz.tbd */,
			);
			name = Frameworks;
			sourceTree = "<group>";
		};
		301BF52E109A57CC0062928A /* Products */ = {
			isa = PBXGroup;
			children = (
				301BF535109A57CC0062928A /* libCordova.a */,
			);
			name = Products;
			sourceTree = "<group>";
		};
		3047A50E1AB8057F00498E2A /* config */ = {
			isa = PBXGroup;
			children = (
				3047A50F1AB8059700498E2A /* build-debug.xcconfig */,
				3047A5101AB8059700498E2A /* build-release.xcconfig */,
				3047A5111AB8059700498E2A /* build.xcconfig */,
			);
			name = config;
			sourceTree = "<group>";
		};
		307C750510C5A3420062BCA9 /* Plugins */ = {
			isa = PBXGroup;
			children = (
				D866E367DE644C4AB63199D5 /* CDVDevice.m */,
				4149890F0A834915B610A8D4 /* CDVDevice.h */,
				64111E23A6B0431092248CF5 /* CDVGlobalization.m */,
				BC9F90FE536E4403BCD253E2 /* CDVGlobalization.h */,
				F04AF6DF8E1A4025AED53ADF /* CDVFile.m */,
				7020B198C52D4CFD97EB34AA /* CDVLocalFilesystem.m */,
				40D4EAE0A697423B94D0E743 /* CDVAssetLibraryFilesystem.m */,
				5BC0F9112E3C474CB9A65B38 /* CDVFile.h */,
				CD797F83E68E43058B7F87E3 /* CDVLocalFilesystem.h */,
				055B5830257448C7BDE3C788 /* CDVAssetLibraryFilesystem.h */,
				100FF6230B7E432E9518FA66 /* CDVInAppBrowser.m */,
				69B266F3A3B34CA89821EBC8 /* CDVInAppBrowser.h */,
				47E3F4D095304C2EA741037A /* CDVFileTransfer.m */,
				6E34C8BD2C82449DA8210F5F /* CDVFileTransfer.h */,
				613BC2CBE3DA4304AEAA2E2D /* CDVConnection.m */,
				6864FE5E300940FD816EE528 /* CDVReachability.m */,
				E5E043C491C345C9BAC75180 /* CDVConnection.h */,
				370683275F8047B99EC7F73E /* CDVReachability.h */,
				2C5DBE532B6B476B8AB98821 /* UIImage+CropScaleOrientation.m */,
				51C529FB0FC54136A8CF524B /* CDVCamera.m */,
				2687A16D29D44989A3FB1538 /* CDVJpegHeaderWriter.m */,
				93009BDC5E274B5691446FA5 /* UIImage+CropScaleOrientation.h */,
				672F9950FA8B482A9C31FF3D /* CDVCamera.h */,
				1229D52513D645959F41848B /* CDVJpegHeaderWriter.h */,
				7D469DFF9C6B48D98257C3AC /* CDVExif.h */,
				EA46CB8100994AD781CA3E59 /* CDVCapture.m */,
				7E74011208B847A5A37A5845 /* CDVCapture.h */,
				6479C9126DF4442BAA769B0F /* CDVSplashScreen.m */,
				15645AB8889249F9AE6CD50F /* CDVViewController+SplashScreen.m */,
				E3B7A50CAA6342978C654FC7 /* CDVSplashScreen.h */,
				C25E5649F3B243E9BFEE2094 /* CDVViewController+SplashScreen.h */,
				8387BD8117984172904B6F7E /* CDVStatusBar.m */,
				4EDA90415B634B8E8324AF7A /* CDVStatusBar.h */,
				9A97410EFD7D4EFBA7EC2109 /* IonicKeyboard.m */,
				3493517F8DCF49D8875A7514 /* IonicKeyboard.h */,
				ADFBB67F73AC4B649245B30A /* DocumentHandler.m */,
				01DCE8B593B44BAD8BBA0F09 /* DocumentHandler.h */,
				54CC44D360D54521A5264364 /* AppDelegate+APPAppEvent.m */,
				D7DEE96F06E447CCB8423908 /* CDVPlugin+APPAppEvent.m */,
				90846F563C6049CF88393F32 /* AppDelegate+APPAppEvent.h */,
				3E4577115AA047D8A66497A0 /* CDVPlugin+APPAppEvent.h */,
				7F39A56FA11D41E892E6730A /* APPAppEventDelegate.h */,
				418ED63E485F45D297E82840 /* APPLocalNotification.m */,
				090F10E58C76424E91E810C1 /* APPLocalNotificationOptions.m */,
				5775CB53F4624008B5D8D52D /* UIApplication+APPLocalNotification.m */,
				972A89E0F2194C88BF3337AF /* UILocalNotification+APPLocalNotification.m */,
				8B2520C0B6C6401BB9F8BD0A /* APPLocalNotification.h */,
				E24CE66C889E4FCF84E23100 /* APPLocalNotificationOptions.h */,
				404411A0E2A44546A084E04A /* UIApplication+APPLocalNotification.h */,
				A895B97406FA408A814E5E9D /* UILocalNotification+APPLocalNotification.h */,
				D713245F16744D57A1FC0D11 /* ZipPlugin.m */,
				C2028EE9A0CB467E8084E2F4 /* aescrypt.c */,
				3DCADF7533AF46009EF81E27 /* aeskey.c */,
				15860F7B0B9946CFA8D93891 /* aestab.c */,
				FD511EBB3C37485680BFE03B /* entropy.c */,
				E865216C82A6465B9DBD557F /* fileenc.c */,
				B894665555DA46DBAB6F63F4 /* hmac.c */,
				CD2E5DC86E4B439EBF4C34C7 /* prng.c */,
				4B88354859124AB2AB894EB6 /* pwd2key.c */,
				5F7E185183134AD4A8012F28 /* sha1.c */,
				FD034CFF3DB948CB85DCED55 /* SSZipArchive.m */,
				279B786F75574870A3A206AC /* zip.c */,
				7D748C0D73154C47ACE588BF /* unzip.c */,
				CDD2E13A4AAE4E59B7F85ED5 /* mztools.c */,
				1E8230C6CE5C44A4ABA7A064 /* ioapi.c */,
				479C89A4C91E468E9448EE26 /* ZipPlugin.h */,
				89433CCDD16344F49FBC971E /* Common.h */,
				FAFB1035682248E09E0D6E61 /* aes.h */,
				4C556CF515594B0189D0D82C /* aes_via_ace.h */,
				C323F2E2ED8B4B9A86626469 /* aesopt.h */,
				1A5A57D930FE44A88DE87B06 /* aestab.h */,
				A0DE7C7A4ACA47F9B21342CE /* brg_endian.h */,
				01AB92F2DF9849C4A63E9179 /* brg_types.h */,
				DE3FC78D1BF244B194962656 /* entropy.h */,
				97399EBC118A43DABEBB043C /* fileenc.h */,
				04D2D9C429AC4C5DA501C5CB /* hmac.h */,
				909DFF48E85043F2B8ABE3E5 /* prng.h */,
				53A76A2CFB45426687A43709 /* pwd2key.h */,
				6877966F5CD04C60A6713CCC /* sha1.h */,
				D77F269999164870BD6C2B48 /* SSZipArchive.h */,
				2DF3C97A56F642F08BCA8E0F /* zip.h */,
				4D5F9F57934049DE9B5320B8 /* unzip.h */,
				12820E0D51EE44FEBCFA22EC /* mztools.h */,
				E1C1AB3968FE4DFEAE200333 /* ioapi.h */,
				C251867D86704C2FB8566412 /* crypt.h */,
				6CFA4732AFCD4584AB83801F /* AppDelegate+notification.m */,
				C6578066FFC847EBB8069E90 /* PushPlugin.m */,
				7069A7CC92B8447D9C2589B8 /* AppDelegate+notification.h */,
				417A5D2BA39A4749AD866B32 /* PushPlugin.h */,
				2FED539A05DC4C05949F3A26 /* GGLInstanceID.h */,
				280B56A3B5EA445EB0FA219D /* GGLInstanceIDConfig.h */,
				A9901AFA87EB484AB2539696 /* GGLInstanceIDDelegate.h */,
				FE349975B0E24C49B003C273 /* GGLInstanceIDHeaders.h */,
				F7CC3CD7B5454F48ABF65D67 /* CloudMessaging.h */,
				4920E72687BC4D8EB40B46B7 /* GGLContext+CloudMessaging.h */,
				AED09463BFDE497CA9CF8C5C /* Core.h */,
				1DCCF99496434C208807948E /* GGLConfiguration.h */,
				29A0D5052C9A4CBEB31E2D98 /* GGLContext.h */,
				E196B0F297C74C42A51E7B62 /* GGLErrorCode.h */,
				AFC1A70846504DE3BDEBE328 /* GCMConfig.h */,
				BA08E4E6E43140919BCC51D1 /* GCMPubSub.h */,
				6C81D48E44CE48ECA6D37D79 /* GCMReceiverDelegate.h */,
				F9364D30260045D9B05AB641 /* GCMService.h */,
				D556EBF755B4472B980FBA50 /* GoogleCloudMessaging.h */,
			);
			name = Plugins;
			path = "Moodle Mobile/Plugins";
			sourceTree = SOURCE_ROOT;
		};
		EB87FDF11871DA420020F90C /* Staging */ = {
			isa = PBXGroup;
			children = (
				F840E1F0165FE0F500CFE078 /* config.xml */,
				301BF56E109A69640062928A /* www */,
			);
			name = Staging;
			sourceTree = "<group>";
		};
/* End PBXGroup section */

/* Begin PBXNativeTarget section */
		1D6058900D05DD3D006BFB54 /* Moodle Mobile */ = {
			isa = PBXNativeTarget;
			buildConfigurationList = 1D6058960D05DD3E006BFB54 /* Build configuration list for PBXNativeTarget "Moodle Mobile" */;
			buildPhases = (
				304B58A110DAC018002A0835 /* Copy www directory */,
				1D60588D0D05DD3D006BFB54 /* Resources */,
				1D60588E0D05DD3D006BFB54 /* Sources */,
				1D60588F0D05DD3D006BFB54 /* Frameworks */,
			);
			buildRules = (
			);
			dependencies = (
				301BF551109A68C00062928A /* PBXTargetDependency */,
			);
			name = "Moodle Mobile";
			productName = "Moodle Mobile";
			productReference = 1D6058910D05DD3D006BFB54 /* Moodle Mobile.app */;
			productType = "com.apple.product-type.application";
		};
/* End PBXNativeTarget section */

/* Begin PBXProject section */
		29B97313FDCFA39411CA2CEA /* Project object */ = {
			isa = PBXProject;
			attributes = {
				LastUpgradeCheck = 510;
			};
			buildConfigurationList = C01FCF4E08A954540054247B /* Build configuration list for PBXProject "__NON-CLI__" */;
			compatibilityVersion = "Xcode 3.2";
			developmentRegion = English;
			hasScannedForEncodings = 1;
			mainGroup = 29B97314FDCFA39411CA2CEA /* CustomTemplate */;
			projectDirPath = "";
			projectReferences = (
				{
					ProductGroup = 301BF52E109A57CC0062928A /* Products */;
					ProjectRef = 301BF52D109A57CC0062928A /* CordovaLib.xcodeproj */;
				},
			);
			projectRoot = "";
			targets = (
				1D6058900D05DD3D006BFB54 /* Moodle Mobile */,
			);
		};
/* End PBXProject section */

/* Begin PBXReferenceProxy section */
		301BF535109A57CC0062928A /* libCordova.a */ = {
			isa = PBXReferenceProxy;
			fileType = archive.ar;
			path = libCordova.a;
			remoteRef = 301BF534109A57CC0062928A /* PBXContainerItemProxy */;
			sourceTree = BUILT_PRODUCTS_DIR;
		};
/* End PBXReferenceProxy section */

/* Begin PBXResourcesBuildPhase section */
		1D60588D0D05DD3D006BFB54 /* Resources */ = {
			isa = PBXResourcesBuildPhase;
			buildActionMask = 2147483647;
			files = (
				302D95F214D2391D003F00A1 /* MainViewController.xib in Resources */,
				3047A5131AB8059700498E2A /* build-release.xcconfig in Resources */,
				3047A5141AB8059700498E2A /* build.xcconfig in Resources */,
				0207DA581B56EA530066E2B4 /* Images.xcassets in Resources */,
				3047A5121AB8059700498E2A /* build-debug.xcconfig in Resources */,
				32F8E8A8508D482DA76D772B /* CDVCapture.bundle in Resources */,
			);
			runOnlyForDeploymentPostprocessing = 0;
		};
/* End PBXResourcesBuildPhase section */

/* Begin PBXShellScriptBuildPhase section */
		304B58A110DAC018002A0835 /* Copy www directory */ = {
			isa = PBXShellScriptBuildPhase;
			buildActionMask = 2147483647;
			files = (
			);
			inputPaths = (
			);
			name = "Copy www directory";
			outputPaths = (
			);
			runOnlyForDeploymentPostprocessing = 0;
			shellPath = /bin/sh;
			shellScript = "NODEJS_PATH=/usr/local/bin; NVM_NODE_PATH=~/.nvm/versions/node/`nvm version 2>/dev/null`/bin; N_NODE_PATH=`find /usr/local/n/versions/node/* -maxdepth 0 -type d 2>/dev/null | tail -1`/bin; XCODE_NODE_PATH=`xcode-select --print-path`/usr/share/xcs/Node/bin; PATH=$NODEJS_PATH:$NVM_NODE_PATH:$N_NODE_PATH:$XCODE_NODE_PATH:$PATH && node cordova/lib/copy-www-build-step.js";
			showEnvVarsInLog = 0;
		};
/* End PBXShellScriptBuildPhase section */

/* Begin PBXSourcesBuildPhase section */
		1D60588E0D05DD3D006BFB54 /* Sources */ = {
			isa = PBXSourcesBuildPhase;
			buildActionMask = 2147483647;
			files = (
				1D60589B0D05DD56006BFB54 /* main.m in Sources */,
				1D3623260D0F684500981E51 /* AppDelegate.m in Sources */,
				302D95F114D2391D003F00A1 /* MainViewController.m in Sources */,
				EB2339811190470AA6A50047 /* CDVDevice.m in Sources */,
				88FBFFE10D114AE591AA627C /* CDVGlobalization.m in Sources */,
				6D2F2918543C4BFB92D3F329 /* CDVFile.m in Sources */,
				6794E495DB644CBC85E6F565 /* CDVLocalFilesystem.m in Sources */,
				F1CB881BF797497F82501A23 /* CDVAssetLibraryFilesystem.m in Sources */,
				7AD4E926E2794AAB98D86CB9 /* CDVInAppBrowser.m in Sources */,
				8498AE076D854482BB8F6B26 /* CDVFileTransfer.m in Sources */,
				752036C622FF4EC9A4E247E6 /* CDVConnection.m in Sources */,
				DCA13F7917EA4E7FAC7BB2B1 /* CDVReachability.m in Sources */,
				C140D278E27C410B86948B99 /* UIImage+CropScaleOrientation.m in Sources */,
				3117E1AA0E654AFDB9FB1218 /* CDVCamera.m in Sources */,
				1C603399490A4C61A657CE20 /* CDVJpegHeaderWriter.m in Sources */,
				ACBD862BF9634024AA6BB985 /* CDVCapture.m in Sources */,
				4756788504844C748A3A301B /* CDVSplashScreen.m in Sources */,
				EA1A56FA22AC475D82AEF0D0 /* CDVViewController+SplashScreen.m in Sources */,
				68C543B0F33B42C7B68E0B43 /* CDVStatusBar.m in Sources */,
				E094C7605B434C42A28BBE25 /* IonicKeyboard.m in Sources */,
				7FF4883920E14709A0CA98E4 /* DocumentHandler.m in Sources */,
				C0A590DFFF0A4D6CBA86C309 /* AppDelegate+APPAppEvent.m in Sources */,
				580F897ECDFF4937A9E521E3 /* CDVPlugin+APPAppEvent.m in Sources */,
				2ADA371EFDD24FDEB6F7759D /* APPLocalNotification.m in Sources */,
				503D89170C79471DBC963C11 /* APPLocalNotificationOptions.m in Sources */,
				354DCBBA76D8484D9F4B0FD1 /* UIApplication+APPLocalNotification.m in Sources */,
				C1C63518710F4B3F8CF54E9F /* UILocalNotification+APPLocalNotification.m in Sources */,
				7457F16CE38E415B910ED0C8 /* ZipPlugin.m in Sources */,
				B678DAEAF51D45239D7BB937 /* aescrypt.c in Resources */,
				141B32E20A944D7C860997FF /* aeskey.c in Resources */,
				ED3353975A854AAE843A9C4F /* aestab.c in Resources */,
				25F19584DC7A48C8B2DFC782 /* entropy.c in Resources */,
				2AAF5E8628FE4A828866C986 /* fileenc.c in Resources */,
				2816BC9A34B64F74A62CEF94 /* hmac.c in Resources */,
				4C230235AC314B26B7DCF02B /* prng.c in Resources */,
				3F80E13BD83047BE840B9927 /* pwd2key.c in Resources */,
				9704FD9AA8104199BBEE2C51 /* sha1.c in Resources */,
				A3C0831973204BCD9DA8CC6D /* SSZipArchive.m in Sources */,
				2B19039B7C05455ABE533D29 /* zip.c in Resources */,
				28AB26B68C4542F5998CA7E2 /* unzip.c in Resources */,
				AD6ED04353A9426796E31F4C /* mztools.c in Resources */,
				4AB180D891234B48ACF2508B /* ioapi.c in Resources */,
				9FBB696FF2474595A3DB7DEE /* AppDelegate+notification.m in Sources */,
				92C99B1117F04DD5A8FF6550 /* PushPlugin.m in Sources */,
			);
			runOnlyForDeploymentPostprocessing = 0;
		};
/* End PBXSourcesBuildPhase section */

/* Begin PBXTargetDependency section */
		301BF551109A68C00062928A /* PBXTargetDependency */ = {
			isa = PBXTargetDependency;
			name = CordovaLib;
			targetProxy = 301BF550109A68C00062928A /* PBXContainerItemProxy */;
		};
/* End PBXTargetDependency section */

/* Begin XCBuildConfiguration section */
		1D6058940D05DD3E006BFB54 /* Debug */ = {
			isa = XCBuildConfiguration;
			baseConfigurationReference = 3047A50F1AB8059700498E2A /* build-debug.xcconfig */;
			buildSettings = {
				ALWAYS_SEARCH_USER_PATHS = NO;
				ASSETCATALOG_COMPILER_APPICON_NAME = AppIcon;
				ASSETCATALOG_COMPILER_LAUNCHIMAGE_NAME = LaunchImage;
				CLANG_ENABLE_MODULES = YES;
				CLANG_ENABLE_OBJC_ARC = YES;
				COPY_PHASE_STRIP = NO;
				GCC_DYNAMIC_NO_PIC = NO;
				GCC_OPTIMIZATION_LEVEL = 0;
				GCC_PRECOMPILE_PREFIX_HEADER = YES;
				GCC_PREFIX_HEADER = "Moodle Mobile/Moodle Mobile-Prefix.pch";
				GCC_THUMB_SUPPORT = NO;
				GCC_VERSION = "";
				INFOPLIST_FILE = "Moodle Mobile/Moodle Mobile-Info.plist";
				LD_RUNPATH_SEARCH_PATHS = "@executable_path/Frameworks";
				PRODUCT_NAME = "Moodle Mobile";
				LIBRARY_SEARCH_PATHS = (
					"$(inherited)",
					"\"$(SRCROOT)/Moodle Mobile/Plugins/phonegap-plugin-push/GCM/Libraries\"",
					"\"$(SRCROOT)/Moodle Mobile/Plugins/phonegap-plugin-push/GCM/Libraries\"",
					"\"$(SRCROOT)/Moodle Mobile/Plugins/phonegap-plugin-push/GCM/Libraries\"",
					"\"$(SRCROOT)/Moodle Mobile/Plugins/phonegap-plugin-push/GCM/Libraries\"",
					"\"$(SRCROOT)/Moodle Mobile/Plugins/phonegap-plugin-push/GCM/Libraries\"",
					"\"$(SRCROOT)/Moodle Mobile/Plugins/phonegap-plugin-push/GCM/Libraries\"",
					"\"$(SRCROOT)/Moodle Mobile/Plugins/phonegap-plugin-push/GCM/Libraries\"",
					"\"$(SRCROOT)/Moodle Mobile/Plugins/phonegap-plugin-push/GCM/Libraries\"",
					"\"$(SRCROOT)/Moodle Mobile/Plugins/phonegap-plugin-push/GCM/Libraries\"",
					"\"$(SRCROOT)/Moodle Mobile/Plugins/phonegap-plugin-push/GCM/Libraries\"",
					"\"$(SRCROOT)/Moodle Mobile/Plugins/phonegap-plugin-push/GCM/Libraries\"",
					"\"$(SRCROOT)/Moodle Mobile/Plugins/phonegap-plugin-push/GCM/Libraries\"",
					"\"$(SRCROOT)/Moodle Mobile/Plugins/phonegap-plugin-push/GCM/Libraries\"",
					"\"$(SRCROOT)/Moodle Mobile/Plugins/phonegap-plugin-push/GCM/Libraries\"",
					"\"$(SRCROOT)/Moodle Mobile/Plugins/phonegap-plugin-push/GCM/Libraries\"",
					"\"$(SRCROOT)/Moodle Mobile/Plugins/phonegap-plugin-push/GCM/Libraries\"",
					"\"$(SRCROOT)/Moodle Mobile/Plugins/phonegap-plugin-push/GCM/Libraries\"",
					"\"$(SRCROOT)/Moodle Mobile/Plugins/phonegap-plugin-push/GCM/Libraries\"",
					"\"$(SRCROOT)/Moodle Mobile/Plugins/phonegap-plugin-push/GCM/Libraries\"",
					"\"$(SRCROOT)/Moodle Mobile/Plugins/phonegap-plugin-push/GCM/Libraries\"",
					"\"$(SRCROOT)/Moodle Mobile/Plugins/phonegap-plugin-push/GCM/Libraries\"",
					"\"$(SRCROOT)/Moodle Mobile/Plugins/phonegap-plugin-push/GCM/Libraries\"",
					"\"$(SRCROOT)/Moodle Mobile/Plugins/phonegap-plugin-push/GCM/Libraries\"",
					"\"$(SRCROOT)/Moodle Mobile/Plugins/phonegap-plugin-push/GCM/Libraries\"",
					"\"$(SRCROOT)/Moodle Mobile/Plugins/phonegap-plugin-push/GCM/Libraries\"",
					"\"$(SRCROOT)/Moodle Mobile/Plugins/phonegap-plugin-push/GCM/Libraries\"",
				);
			};
			name = Debug;
		};
		1D6058950D05DD3E006BFB54 /* Release */ = {
			isa = XCBuildConfiguration;
			baseConfigurationReference = 3047A5101AB8059700498E2A /* build-release.xcconfig */;
			buildSettings = {
				ALWAYS_SEARCH_USER_PATHS = NO;
				ASSETCATALOG_COMPILER_APPICON_NAME = AppIcon;
				ASSETCATALOG_COMPILER_LAUNCHIMAGE_NAME = LaunchImage;
				CLANG_ENABLE_MODULES = YES;
				CLANG_ENABLE_OBJC_ARC = YES;
				COPY_PHASE_STRIP = YES;
				GCC_PRECOMPILE_PREFIX_HEADER = YES;
				GCC_PREFIX_HEADER = "Moodle Mobile/Moodle Mobile-Prefix.pch";
				GCC_THUMB_SUPPORT = NO;
				GCC_VERSION = "";
				INFOPLIST_FILE = "Moodle Mobile/Moodle Mobile-Info.plist";
				PRODUCT_NAME = "Moodle Mobile";
				LIBRARY_SEARCH_PATHS = (
					"$(inherited)",
					"\"$(SRCROOT)/Moodle Mobile/Plugins/phonegap-plugin-push/GCM/Libraries\"",
					"\"$(SRCROOT)/Moodle Mobile/Plugins/phonegap-plugin-push/GCM/Libraries\"",
					"\"$(SRCROOT)/Moodle Mobile/Plugins/phonegap-plugin-push/GCM/Libraries\"",
					"\"$(SRCROOT)/Moodle Mobile/Plugins/phonegap-plugin-push/GCM/Libraries\"",
					"\"$(SRCROOT)/Moodle Mobile/Plugins/phonegap-plugin-push/GCM/Libraries\"",
					"\"$(SRCROOT)/Moodle Mobile/Plugins/phonegap-plugin-push/GCM/Libraries\"",
					"\"$(SRCROOT)/Moodle Mobile/Plugins/phonegap-plugin-push/GCM/Libraries\"",
					"\"$(SRCROOT)/Moodle Mobile/Plugins/phonegap-plugin-push/GCM/Libraries\"",
					"\"$(SRCROOT)/Moodle Mobile/Plugins/phonegap-plugin-push/GCM/Libraries\"",
					"\"$(SRCROOT)/Moodle Mobile/Plugins/phonegap-plugin-push/GCM/Libraries\"",
					"\"$(SRCROOT)/Moodle Mobile/Plugins/phonegap-plugin-push/GCM/Libraries\"",
					"\"$(SRCROOT)/Moodle Mobile/Plugins/phonegap-plugin-push/GCM/Libraries\"",
					"\"$(SRCROOT)/Moodle Mobile/Plugins/phonegap-plugin-push/GCM/Libraries\"",
					"\"$(SRCROOT)/Moodle Mobile/Plugins/phonegap-plugin-push/GCM/Libraries\"",
					"\"$(SRCROOT)/Moodle Mobile/Plugins/phonegap-plugin-push/GCM/Libraries\"",
					"\"$(SRCROOT)/Moodle Mobile/Plugins/phonegap-plugin-push/GCM/Libraries\"",
					"\"$(SRCROOT)/Moodle Mobile/Plugins/phonegap-plugin-push/GCM/Libraries\"",
					"\"$(SRCROOT)/Moodle Mobile/Plugins/phonegap-plugin-push/GCM/Libraries\"",
					"\"$(SRCROOT)/Moodle Mobile/Plugins/phonegap-plugin-push/GCM/Libraries\"",
					"\"$(SRCROOT)/Moodle Mobile/Plugins/phonegap-plugin-push/GCM/Libraries\"",
					"\"$(SRCROOT)/Moodle Mobile/Plugins/phonegap-plugin-push/GCM/Libraries\"",
					"\"$(SRCROOT)/Moodle Mobile/Plugins/phonegap-plugin-push/GCM/Libraries\"",
					"\"$(SRCROOT)/Moodle Mobile/Plugins/phonegap-plugin-push/GCM/Libraries\"",
					"\"$(SRCROOT)/Moodle Mobile/Plugins/phonegap-plugin-push/GCM/Libraries\"",
					"\"$(SRCROOT)/Moodle Mobile/Plugins/phonegap-plugin-push/GCM/Libraries\"",
					"\"$(SRCROOT)/Moodle Mobile/Plugins/phonegap-plugin-push/GCM/Libraries\"",
				);
			};
			name = Release;
		};
		C01FCF4F08A954540054247B /* Debug */ = {
			isa = XCBuildConfiguration;
			baseConfigurationReference = 3047A5111AB8059700498E2A /* build.xcconfig */;
			buildSettings = {
				CLANG_ENABLE_MODULES = YES;
				CLANG_ENABLE_OBJC_ARC = YES;
				CLANG_WARN_BOOL_CONVERSION = YES;
				CLANG_WARN_CONSTANT_CONVERSION = YES;
				CLANG_WARN_EMPTY_BODY = YES;
				CLANG_WARN_ENUM_CONVERSION = YES;
				CLANG_WARN_INT_CONVERSION = YES;
				CLANG_WARN__DUPLICATE_METHOD_MATCH = YES;
				GCC_C_LANGUAGE_STANDARD = c99;
				GCC_THUMB_SUPPORT = NO;
				GCC_VERSION = "";
				GCC_WARN_ABOUT_RETURN_TYPE = YES;
				GCC_WARN_UNDECLARED_SELECTOR = YES;
				GCC_WARN_UNINITIALIZED_AUTOS = YES;
				GCC_WARN_UNUSED_FUNCTION = YES;
				GCC_WARN_UNUSED_VARIABLE = YES;
				ONLY_ACTIVE_ARCH = YES;
				SDKROOT = iphoneos;
				SKIP_INSTALL = NO;
			};
			name = Debug;
		};
		C01FCF5008A954540054247B /* Release */ = {
			isa = XCBuildConfiguration;
			baseConfigurationReference = 3047A5111AB8059700498E2A /* build.xcconfig */;
			buildSettings = {
				CLANG_ENABLE_MODULES = YES;
				CLANG_ENABLE_OBJC_ARC = YES;
				CLANG_WARN_BOOL_CONVERSION = YES;
				CLANG_WARN_CONSTANT_CONVERSION = YES;
				CLANG_WARN_EMPTY_BODY = YES;
				CLANG_WARN_ENUM_CONVERSION = YES;
				CLANG_WARN_INT_CONVERSION = YES;
				CLANG_WARN__DUPLICATE_METHOD_MATCH = YES;
				GCC_C_LANGUAGE_STANDARD = c99;
				GCC_THUMB_SUPPORT = NO;
				GCC_VERSION = "";
				GCC_WARN_ABOUT_RETURN_TYPE = YES;
				GCC_WARN_UNDECLARED_SELECTOR = YES;
				GCC_WARN_UNINITIALIZED_AUTOS = YES;
				GCC_WARN_UNUSED_FUNCTION = YES;
				GCC_WARN_UNUSED_VARIABLE = YES;
				SDKROOT = iphoneos;
				SKIP_INSTALL = NO;
			};
			name = Release;
		};
/* End XCBuildConfiguration section */

/* Begin XCConfigurationList section */
		1D6058960D05DD3E006BFB54 /* Build configuration list for PBXNativeTarget "Moodle Mobile" */ = {
			isa = XCConfigurationList;
			buildConfigurations = (
				1D6058940D05DD3E006BFB54 /* Debug */,
				1D6058950D05DD3E006BFB54 /* Release */,
			);
			defaultConfigurationIsVisible = 0;
			defaultConfigurationName = Release;
		};
		C01FCF4E08A954540054247B /* Build configuration list for PBXProject "__NON-CLI__" */ = {
			isa = XCConfigurationList;
			buildConfigurations = (
				C01FCF4F08A954540054247B /* Debug */,
				C01FCF5008A954540054247B /* Release */,
			);
			defaultConfigurationIsVisible = 0;
			defaultConfigurationName = Release;
		};
/* End XCConfigurationList section */
	};
	rootObject = 29B97313FDCFA39411CA2CEA /* Project object */;
}
